PODS:
  - SwiftLint (0.54.0)
  - YandexMapsMobile (4.4.0-full)

DEPENDENCIES:
  - SwiftLint
  - YandexMapsMobile (= 4.4.0-full)

SPEC REPOS:
  trunk:
    - SwiftLint
    - YandexMapsMobile

SPEC CHECKSUMS:
  SwiftLint: c1de071d9d08c8aba837545f6254315bc900e211
  YandexMapsMobile: a76ddceccf2d78f9f1034d07a354810cd21ef21a

PODFILE CHECKSUM: 3149b8666c8a7d62374ea70e235686986cc5fba0

COCOAPODS: 1.12.1
