// !$*UTF8*$!
{
	archiveVersion = 1;
	classes = {
	};
	objectVersion = 56;
	objects = {

/* Begin PBXBuildFile section */
		5707BA29305A54B9E83269DD /* Pods_Carsharing_Aggregator.framework in Frameworks */ = {isa = PBXBuildFile; fileRef = 8011ECC10AB3FD263BD97C5F /* Pods_Carsharing_Aggregator.framework */; };
		E2B5D6452B048EF800801719 /* AppDelegate.swift in Sources */ = {isa = PBXBuildFile; fileRef = E2B5D6442B048EF800801719 /* AppDelegate.swift */; };
		E2B5D6472B048EF800801719 /* SceneDelegate.swift in Sources */ = {isa = PBXBuildFile; fileRef = E2B5D6462B048EF800801719 /* SceneDelegate.swift */; };
		E2B5D6492B048EF800801719 /* ViewController.swift in Sources */ = {isa = PBXBuildFile; fileRef = E2B5D6482B048EF800801719 /* ViewController.swift */; };
		E2B5D64E2B048EF900801719 /* Assets.xcassets in Resources */ = {isa = PBXBuildFile; fileRef = E2B5D64D2B048EF900801719 /* Assets.xcassets */; };
		E2B5D6512B048EF900801719 /* LaunchScreen.storyboard in Resources */ = {isa = PBXBuildFile; fileRef = E2B5D64F2B048EF900801719 /* LaunchScreen.storyboard */; };
		E2B5D65A2B04918A00801719 /* SnapKit in Frameworks */ = {isa = PBXBuildFile; productRef = E2B5D6592B04918A00801719 /* SnapKit */; };
		E2B5D65C2B04918A00801719 /* SnapKit-Dynamic in Frameworks */ = {isa = PBXBuildFile; productRef = E2B5D65B2B04918A00801719 /* SnapKit-Dynamic */; };
		E2B5D65F2B04932500801719 /* Kingfisher in Frameworks */ = {isa = PBXBuildFile; productRef = E2B5D65E2B04932500801719 /* Kingfisher */; };
		E2B5D6622B04934800801719 /* SwiftKeychainWrapper in Frameworks */ = {isa = PBXBuildFile; productRef = E2B5D6612B04934800801719 /* SwiftKeychainWrapper */; };
/* End PBXBuildFile section */

/* Begin PBXFileReference section */
		20052997AFA8816DFF0028E6 /* Pods-Carsharing Aggregator.debug.xcconfig */ = {isa = PBXFileReference; includeInIndex = 1; lastKnownFileType = text.xcconfig; name = "Pods-Carsharing Aggregator.debug.xcconfig"; path = "Target Support Files/Pods-Carsharing Aggregator/Pods-Carsharing Aggregator.debug.xcconfig"; sourceTree = "<group>"; };
		8011ECC10AB3FD263BD97C5F /* Pods_Carsharing_Aggregator.framework */ = {isa = PBXFileReference; explicitFileType = wrapper.framework; includeInIndex = 0; path = Pods_Carsharing_Aggregator.framework; sourceTree = BUILT_PRODUCTS_DIR; };
		D79BB145181DD45B389A2114 /* Pods-Carsharing Aggregator.release.xcconfig */ = {isa = PBXFileReference; includeInIndex = 1; lastKnownFileType = text.xcconfig; name = "Pods-Carsharing Aggregator.release.xcconfig"; path = "Target Support Files/Pods-Carsharing Aggregator/Pods-Carsharing Aggregator.release.xcconfig"; sourceTree = "<group>"; };
		E2B5D6412B048EF800801719 /* Carsharing Aggregator.app */ = {isa = PBXFileReference; explicitFileType = wrapper.application; includeInIndex = 0; path = "Carsharing Aggregator.app"; sourceTree = BUILT_PRODUCTS_DIR; };
		E2B5D6442B048EF800801719 /* AppDelegate.swift */ = {isa = PBXFileReference; lastKnownFileType = sourcecode.swift; path = AppDelegate.swift; sourceTree = "<group>"; };
		E2B5D6462B048EF800801719 /* SceneDelegate.swift */ = {isa = PBXFileReference; lastKnownFileType = sourcecode.swift; path = SceneDelegate.swift; sourceTree = "<group>"; };
		E2B5D6482B048EF800801719 /* ViewController.swift */ = {isa = PBXFileReference; lastKnownFileType = sourcecode.swift; path = ViewController.swift; sourceTree = "<group>"; };
		E2B5D64D2B048EF900801719 /* Assets.xcassets */ = {isa = PBXFileReference; lastKnownFileType = folder.assetcatalog; path = Assets.xcassets; sourceTree = "<group>"; };
		E2B5D6502B048EF900801719 /* Base */ = {isa = PBXFileReference; lastKnownFileType = file.storyboard; name = Base; path = Base.lproj/LaunchScreen.storyboard; sourceTree = "<group>"; };
		E2B5D6522B048EF900801719 /* Info.plist */ = {isa = PBXFileReference; lastKnownFileType = text.plist.xml; path = Info.plist; sourceTree = "<group>"; };
/* End PBXFileReference section */

/* Begin PBXFrameworksBuildPhase section */
		E2B5D63E2B048EF800801719 /* Frameworks */ = {
			isa = PBXFrameworksBuildPhase;
			buildActionMask = 2147483647;
			files = (
				E2B5D65F2B04932500801719 /* Kingfisher in Frameworks */,
				E2B5D65A2B04918A00801719 /* SnapKit in Frameworks */,
				E2B5D6622B04934800801719 /* SwiftKeychainWrapper in Frameworks */,
				E2B5D65C2B04918A00801719 /* SnapKit-Dynamic in Frameworks */,
				5707BA29305A54B9E83269DD /* Pods_Carsharing_Aggregator.framework in Frameworks */,
			);
			runOnlyForDeploymentPostprocessing = 0;
		};
/* End PBXFrameworksBuildPhase section */

/* Begin PBXGroup section */
		62E768AB367BD5B6FBF1FD35 /* Pods */ = {
			isa = PBXGroup;
			children = (
				20052997AFA8816DFF0028E6 /* Pods-Carsharing Aggregator.debug.xcconfig */,
				D79BB145181DD45B389A2114 /* Pods-Carsharing Aggregator.release.xcconfig */,
			);
			path = Pods;
			sourceTree = "<group>";
		};
		638B10F2C136D2E435874579 /* Frameworks */ = {
			isa = PBXGroup;
			children = (
				8011ECC10AB3FD263BD97C5F /* Pods_Carsharing_Aggregator.framework */,
			);
			name = Frameworks;
			sourceTree = "<group>";
		};
		E2B5D6382B048EF800801719 = {
			isa = PBXGroup;
			children = (
				E2B5D6432B048EF800801719 /* Carsharing Aggregator */,
				E2B5D6422B048EF800801719 /* Products */,
				62E768AB367BD5B6FBF1FD35 /* Pods */,
				638B10F2C136D2E435874579 /* Frameworks */,
			);
			sourceTree = "<group>";
		};
		E2B5D6422B048EF800801719 /* Products */ = {
			isa = PBXGroup;
			children = (
				E2B5D6412B048EF800801719 /* Carsharing Aggregator.app */,
			);
			name = Products;
			sourceTree = "<group>";
		};
		E2B5D6432B048EF800801719 /* Carsharing Aggregator */ = {
			isa = PBXGroup;
			children = (
				E2B5D6442B048EF800801719 /* AppDelegate.swift */,
				E2B5D6462B048EF800801719 /* SceneDelegate.swift */,
				E2B5D6482B048EF800801719 /* ViewController.swift */,
				E2B5D64D2B048EF900801719 /* Assets.xcassets */,
				E2B5D64F2B048EF900801719 /* LaunchScreen.storyboard */,
				E2B5D6522B048EF900801719 /* Info.plist */,
			);
			path = "Carsharing Aggregator";
			sourceTree = "<group>";
		};
/* End PBXGroup section */

/* Begin PBXNativeTarget section */
		E2B5D6402B048EF800801719 /* Carsharing Aggregator */ = {
			isa = PBXNativeTarget;
			buildConfigurationList = E2B5D6552B048EF900801719 /* Build configuration list for PBXNativeTarget "Carsharing Aggregator" */;
			buildPhases = (
				F2835E6D2687E4AA0D92DC00 /* [CP] Check Pods Manifest.lock */,
				E2B5D63D2B048EF800801719 /* Sources */,
				E2B5D63E2B048EF800801719 /* Frameworks */,
				E2B5D63F2B048EF800801719 /* Resources */,
				C3EAD451D4B9D733F773AD88 /* [CP] Copy Pods Resources */,
			);
			buildRules = (
			);
			dependencies = (
				E2B5D6712B04E89C00801719 /* PBXTargetDependency */,
			);
			name = "Carsharing Aggregator";
			packageProductDependencies = (
				E2B5D6592B04918A00801719 /* SnapKit */,
				E2B5D65B2B04918A00801719 /* SnapKit-Dynamic */,
				E2B5D65E2B04932500801719 /* Kingfisher */,
				E2B5D6612B04934800801719 /* SwiftKeychainWrapper */,
			);
			productName = "Carsharing Aggregator";
			productReference = E2B5D6412B048EF800801719 /* Carsharing Aggregator.app */;
			productType = "com.apple.product-type.application";
		};
/* End PBXNativeTarget section */

/* Begin PBXProject section */
		E2B5D6392B048EF800801719 /* Project object */ = {
			isa = PBXProject;
			attributes = {
				BuildIndependentTargetsInParallel = 1;
				LastSwiftUpdateCheck = 1500;
				LastUpgradeCheck = 1500;
				TargetAttributes = {
					E2B5D6402B048EF800801719 = {
						CreatedOnToolsVersion = 15.0;
					};
				};
			};
			buildConfigurationList = E2B5D63C2B048EF800801719 /* Build configuration list for PBXProject "Carsharing Aggregator" */;
			compatibilityVersion = "Xcode 14.0";
			developmentRegion = en;
			hasScannedForEncodings = 0;
			knownRegions = (
				en,
				Base,
			);
			mainGroup = E2B5D6382B048EF800801719;
			packageReferences = (
				E2B5D6582B04918A00801719 /* XCRemoteSwiftPackageReference "SnapKit" */,
				E2B5D65D2B04932500801719 /* XCRemoteSwiftPackageReference "Kingfisher" */,
				E2B5D6602B04934800801719 /* XCRemoteSwiftPackageReference "SwiftKeychainWrapper" */,
			);
			productRefGroup = E2B5D6422B048EF800801719 /* Products */;
			projectDirPath = "";
			projectRoot = "";
			targets = (
				E2B5D6402B048EF800801719 /* Carsharing Aggregator */,
			);
		};
/* End PBXProject section */

/* Begin PBXResourcesBuildPhase section */
		E2B5D63F2B048EF800801719 /* Resources */ = {
			isa = PBXResourcesBuildPhase;
			buildActionMask = 2147483647;
			files = (
				E2B5D6512B048EF900801719 /* LaunchScreen.storyboard in Resources */,
				E2B5D64E2B048EF900801719 /* Assets.xcassets in Resources */,
			);
			runOnlyForDeploymentPostprocessing = 0;
		};
/* End PBXResourcesBuildPhase section */

/* Begin PBXShellScriptBuildPhase section */
		C3EAD451D4B9D733F773AD88 /* [CP] Copy Pods Resources */ = {
			isa = PBXShellScriptBuildPhase;
			buildActionMask = 2147483647;
			files = (
			);
			inputFileListPaths = (
				"${PODS_ROOT}/Target Support Files/Pods-Carsharing Aggregator/Pods-Carsharing Aggregator-resources-${CONFIGURATION}-input-files.xcfilelist",
			);
			name = "[CP] Copy Pods Resources";
			outputFileListPaths = (
				"${PODS_ROOT}/Target Support Files/Pods-Carsharing Aggregator/Pods-Carsharing Aggregator-resources-${CONFIGURATION}-output-files.xcfilelist",
			);
			runOnlyForDeploymentPostprocessing = 0;
			shellPath = /bin/sh;
			shellScript = "\"${PODS_ROOT}/Target Support Files/Pods-Carsharing Aggregator/Pods-Carsharing Aggregator-resources.sh\"\n";
			showEnvVarsInLog = 0;
		};
		F2835E6D2687E4AA0D92DC00 /* [CP] Check Pods Manifest.lock */ = {
			isa = PBXShellScriptBuildPhase;
			buildActionMask = 2147483647;
			files = (
			);
			inputFileListPaths = (
			);
			inputPaths = (
				"${PODS_PODFILE_DIR_PATH}/Podfile.lock",
				"${PODS_ROOT}/Manifest.lock",
			);
			name = "[CP] Check Pods Manifest.lock";
			outputFileListPaths = (
			);
			outputPaths = (
				"$(DERIVED_FILE_DIR)/Pods-Carsharing Aggregator-checkManifestLockResult.txt",
			);
			runOnlyForDeploymentPostprocessing = 0;
			shellPath = /bin/sh;
			shellScript = "diff \"${PODS_PODFILE_DIR_PATH}/Podfile.lock\" \"${PODS_ROOT}/Manifest.lock\" > /dev/null\nif [ $? != 0 ] ; then\n    # print error to STDERR\n    echo \"error: The sandbox is not in sync with the Podfile.lock. Run 'pod install' or update your CocoaPods installation.\" >&2\n    exit 1\nfi\n# This output is used by Xcode 'outputs' to avoid re-running this script phase.\necho \"SUCCESS\" > \"${SCRIPT_OUTPUT_FILE_0}\"\n";
			showEnvVarsInLog = 0;
		};
/* End PBXShellScriptBuildPhase section */

/* Begin PBXSourcesBuildPhase section */
		E2B5D63D2B048EF800801719 /* Sources */ = {
			isa = PBXSourcesBuildPhase;
			buildActionMask = 2147483647;
			files = (
				E2B5D6492B048EF800801719 /* ViewController.swift in Sources */,
				E2B5D6452B048EF800801719 /* AppDelegate.swift in Sources */,
				E2B5D6472B048EF800801719 /* SceneDelegate.swift in Sources */,
			);
			runOnlyForDeploymentPostprocessing = 0;
		};
/* End PBXSourcesBuildPhase section */

/* Begin PBXTargetDependency section */
		E2B5D6712B04E89C00801719 /* PBXTargetDependency */ = {
			isa = PBXTargetDependency;
			productRef = E2B5D6702B04E89C00801719 /* SwiftLintPlugin */;
		};
/* End PBXTargetDependency section */

/* Begin PBXVariantGroup section */
		E2B5D64F2B048EF900801719 /* LaunchScreen.storyboard */ = {
			isa = PBXVariantGroup;
			children = (
				E2B5D6502B048EF900801719 /* Base */,
			);
			name = LaunchScreen.storyboard;
			sourceTree = "<group>";
		};
/* End PBXVariantGroup section */

/* Begin XCBuildConfiguration section */
		E2B5D6532B048EF900801719 /* Debug */ = {
			isa = XCBuildConfiguration;
			buildSettings = {
				ALWAYS_SEARCH_USER_PATHS = NO;
				ASSETCATALOG_COMPILER_GENERATE_SWIFT_ASSET_SYMBOL_EXTENSIONS = YES;
				CLANG_ANALYZER_NONNULL = YES;
				CLANG_ANALYZER_NUMBER_OBJECT_CONVERSION = YES_AGGRESSIVE;
				CLANG_CXX_LANGUAGE_STANDARD = "gnu++20";
				CLANG_ENABLE_MODULES = YES;
				CLANG_ENABLE_OBJC_ARC = YES;
				CLANG_ENABLE_OBJC_WEAK = YES;
				CLANG_WARN_BLOCK_CAPTURE_AUTORELEASING = YES;
				CLANG_WARN_BOOL_CONVERSION = YES;
				CLANG_WARN_COMMA = YES;
				CLANG_WARN_CONSTANT_CONVERSION = YES;
				CLANG_WARN_DEPRECATED_OBJC_IMPLEMENTATIONS = YES;
				CLANG_WARN_DIRECT_OBJC_ISA_USAGE = YES_ERROR;
				CLANG_WARN_DOCUMENTATION_COMMENTS = YES;
				CLANG_WARN_EMPTY_BODY = YES;
				CLANG_WARN_ENUM_CONVERSION = YES;
				CLANG_WARN_INFINITE_RECURSION = YES;
				CLANG_WARN_INT_CONVERSION = YES;
				CLANG_WARN_NON_LITERAL_NULL_CONVERSION = YES;
				CLANG_WARN_OBJC_IMPLICIT_RETAIN_SELF = YES;
				CLANG_WARN_OBJC_LITERAL_CONVERSION = YES;
				CLANG_WARN_OBJC_ROOT_CLASS = YES_ERROR;
				CLANG_WARN_QUOTED_INCLUDE_IN_FRAMEWORK_HEADER = YES;
				CLANG_WARN_RANGE_LOOP_ANALYSIS = YES;
				CLANG_WARN_STRICT_PROTOTYPES = YES;
				CLANG_WARN_SUSPICIOUS_MOVE = YES;
				CLANG_WARN_UNGUARDED_AVAILABILITY = YES_AGGRESSIVE;
				CLANG_WARN_UNREACHABLE_CODE = YES;
				CLANG_WARN__DUPLICATE_METHOD_MATCH = YES;
				COPY_PHASE_STRIP = NO;
				DEBUG_INFORMATION_FORMAT = dwarf;
				ENABLE_STRICT_OBJC_MSGSEND = YES;
				ENABLE_TESTABILITY = YES;
				ENABLE_USER_SCRIPT_SANDBOXING = NO;
				GCC_C_LANGUAGE_STANDARD = gnu17;
				GCC_DYNAMIC_NO_PIC = NO;
				GCC_NO_COMMON_BLOCKS = YES;
				GCC_OPTIMIZATION_LEVEL = 0;
				GCC_PREPROCESSOR_DEFINITIONS = (
					"DEBUG=1",
					"$(inherited)",
				);
				GCC_WARN_64_TO_32_BIT_CONVERSION = YES;
				GCC_WARN_ABOUT_RETURN_TYPE = YES_ERROR;
				GCC_WARN_UNDECLARED_SELECTOR = YES;
				GCC_WARN_UNINITIALIZED_AUTOS = YES_AGGRESSIVE;
				GCC_WARN_UNUSED_FUNCTION = YES;
				GCC_WARN_UNUSED_VARIABLE = YES;
				IPHONEOS_DEPLOYMENT_TARGET = 17.0;
				LOCALIZATION_PREFERS_STRING_CATALOGS = YES;
				MTL_ENABLE_DEBUG_INFO = INCLUDE_SOURCE;
				MTL_FAST_MATH = YES;
				ONLY_ACTIVE_ARCH = YES;
				SDKROOT = iphoneos;
				SWIFT_ACTIVE_COMPILATION_CONDITIONS = "DEBUG $(inherited)";
				SWIFT_OPTIMIZATION_LEVEL = "-Onone";
			};
			name = Debug;
		};
		E2B5D6542B048EF900801719 /* Release */ = {
			isa = XCBuildConfiguration;
			buildSettings = {
				ALWAYS_SEARCH_USER_PATHS = NO;
				ASSETCATALOG_COMPILER_GENERATE_SWIFT_ASSET_SYMBOL_EXTENSIONS = YES;
				CLANG_ANALYZER_NONNULL = YES;
				CLANG_ANALYZER_NUMBER_OBJECT_CONVERSION = YES_AGGRESSIVE;
				CLANG_CXX_LANGUAGE_STANDARD = "gnu++20";
				CLANG_ENABLE_MODULES = YES;
				CLANG_ENABLE_OBJC_ARC = YES;
				CLANG_ENABLE_OBJC_WEAK = YES;
				CLANG_WARN_BLOCK_CAPTURE_AUTORELEASING = YES;
				CLANG_WARN_BOOL_CONVERSION = YES;
				CLANG_WARN_COMMA = YES;
				CLANG_WARN_CONSTANT_CONVERSION = YES;
				CLANG_WARN_DEPRECATED_OBJC_IMPLEMENTATIONS = YES;
				CLANG_WARN_DIRECT_OBJC_ISA_USAGE = YES_ERROR;
				CLANG_WARN_DOCUMENTATION_COMMENTS = YES;
				CLANG_WARN_EMPTY_BODY = YES;
				CLANG_WARN_ENUM_CONVERSION = YES;
				CLANG_WARN_INFINITE_RECURSION = YES;
				CLANG_WARN_INT_CONVERSION = YES;
				CLANG_WARN_NON_LITERAL_NULL_CONVERSION = YES;
				CLANG_WARN_OBJC_IMPLICIT_RETAIN_SELF = YES;
				CLANG_WARN_OBJC_LITERAL_CONVERSION = YES;
				CLANG_WARN_OBJC_ROOT_CLASS = YES_ERROR;
				CLANG_WARN_QUOTED_INCLUDE_IN_FRAMEWORK_HEADER = YES;
				CLANG_WARN_RANGE_LOOP_ANALYSIS = YES;
				CLANG_WARN_STRICT_PROTOTYPES = YES;
				CLANG_WARN_SUSPICIOUS_MOVE = YES;
				CLANG_WARN_UNGUARDED_AVAILABILITY = YES_AGGRESSIVE;
				CLANG_WARN_UNREACHABLE_CODE = YES;
				CLANG_WARN__DUPLICATE_METHOD_MATCH = YES;
				COPY_PHASE_STRIP = NO;
				DEBUG_INFORMATION_FORMAT = "dwarf-with-dsym";
				ENABLE_NS_ASSERTIONS = NO;
				ENABLE_STRICT_OBJC_MSGSEND = YES;
				ENABLE_USER_SCRIPT_SANDBOXING = NO;
				GCC_C_LANGUAGE_STANDARD = gnu17;
				GCC_NO_COMMON_BLOCKS = YES;
				GCC_WARN_64_TO_32_BIT_CONVERSION = YES;
				GCC_WARN_ABOUT_RETURN_TYPE = YES_ERROR;
				GCC_WARN_UNDECLARED_SELECTOR = YES;
				GCC_WARN_UNINITIALIZED_AUTOS = YES_AGGRESSIVE;
				GCC_WARN_UNUSED_FUNCTION = YES;
				GCC_WARN_UNUSED_VARIABLE = YES;
				IPHONEOS_DEPLOYMENT_TARGET = 17.0;
				LOCALIZATION_PREFERS_STRING_CATALOGS = YES;
				MTL_ENABLE_DEBUG_INFO = NO;
				MTL_FAST_MATH = YES;
				SDKROOT = iphoneos;
				SWIFT_COMPILATION_MODE = wholemodule;
				VALIDATE_PRODUCT = YES;
			};
			name = Release;
		};
		E2B5D6562B048EF900801719 /* Debug */ = {
			isa = XCBuildConfiguration;
			baseConfigurationReference = 20052997AFA8816DFF0028E6 /* Pods-Carsharing Aggregator.debug.xcconfig */;
			buildSettings = {
				ASSETCATALOG_COMPILER_APPICON_NAME = AppIcon;
				ASSETCATALOG_COMPILER_GLOBAL_ACCENT_COLOR_NAME = AccentColor;
				CODE_SIGN_STYLE = Automatic;
				CURRENT_PROJECT_VERSION = 1;
				DEVELOPMENT_TEAM = G2Z3KJVPLW;
				GENERATE_INFOPLIST_FILE = YES;
				INFOPLIST_FILE = "Carsharing Aggregator/Info.plist";
				INFOPLIST_KEY_UIApplicationSupportsIndirectInputEvents = YES;
				INFOPLIST_KEY_UILaunchStoryboardName = LaunchScreen;
				INFOPLIST_KEY_UISupportedInterfaceOrientations_iPad = "UIInterfaceOrientationPortrait UIInterfaceOrientationPortraitUpsideDown UIInterfaceOrientationLandscapeLeft UIInterfaceOrientationLandscapeRight";
				INFOPLIST_KEY_UISupportedInterfaceOrientations_iPhone = "UIInterfaceOrientationPortrait UIInterfaceOrientationLandscapeLeft UIInterfaceOrientationLandscapeRight";
				IPHONEOS_DEPLOYMENT_TARGET = 15.0;
				LD_RUNPATH_SEARCH_PATHS = (
					"$(inherited)",
					"@executable_path/Frameworks",
				);
				MARKETING_VERSION = 1.0;
				PRODUCT_BUNDLE_IDENTIFIER = "com.agaripov.Carsharing-Aggregator";
				PRODUCT_NAME = "$(TARGET_NAME)";
				SUPPORTED_PLATFORMS = "iphoneos iphonesimulator";
				SUPPORTS_MACCATALYST = NO;
				SUPPORTS_MAC_DESIGNED_FOR_IPHONE_IPAD = NO;
				SWIFT_EMIT_LOC_STRINGS = YES;
				SWIFT_VERSION = 5.0;
				TARGETED_DEVICE_FAMILY = 1;
			};
			name = Debug;
		};
		E2B5D6572B048EF900801719 /* Release */ = {
			isa = XCBuildConfiguration;
			baseConfigurationReference = D79BB145181DD45B389A2114 /* Pods-Carsharing Aggregator.release.xcconfig */;
			buildSettings = {
				ASSETCATALOG_COMPILER_APPICON_NAME = AppIcon;
				ASSETCATALOG_COMPILER_GLOBAL_ACCENT_COLOR_NAME = AccentColor;
				CODE_SIGN_STYLE = Automatic;
				CURRENT_PROJECT_VERSION = 1;
				DEVELOPMENT_TEAM = G2Z3KJVPLW;
				GENERATE_INFOPLIST_FILE = YES;
				INFOPLIST_FILE = "Carsharing Aggregator/Info.plist";
				INFOPLIST_KEY_UIApplicationSupportsIndirectInputEvents = YES;
				INFOPLIST_KEY_UILaunchStoryboardName = LaunchScreen;
				INFOPLIST_KEY_UISupportedInterfaceOrientations_iPad = "UIInterfaceOrientationPortrait UIInterfaceOrientationPortraitUpsideDown UIInterfaceOrientationLandscapeLeft UIInterfaceOrientationLandscapeRight";
				INFOPLIST_KEY_UISupportedInterfaceOrientations_iPhone = "UIInterfaceOrientationPortrait UIInterfaceOrientationLandscapeLeft UIInterfaceOrientationLandscapeRight";
				IPHONEOS_DEPLOYMENT_TARGET = 15.0;
				LD_RUNPATH_SEARCH_PATHS = (
					"$(inherited)",
					"@executable_path/Frameworks",
				);
				MARKETING_VERSION = 1.0;
				PRODUCT_BUNDLE_IDENTIFIER = "com.agaripov.Carsharing-Aggregator";
				PRODUCT_NAME = "$(TARGET_NAME)";
				SUPPORTED_PLATFORMS = "iphoneos iphonesimulator";
				SUPPORTS_MACCATALYST = NO;
				SUPPORTS_MAC_DESIGNED_FOR_IPHONE_IPAD = NO;
				SWIFT_EMIT_LOC_STRINGS = YES;
				SWIFT_VERSION = 5.0;
				TARGETED_DEVICE_FAMILY = 1;
			};
			name = Release;
		};
/* End XCBuildConfiguration section */

/* Begin XCConfigurationList section */
		E2B5D63C2B048EF800801719 /* Build configuration list for PBXProject "Carsharing Aggregator" */ = {
			isa = XCConfigurationList;
			buildConfigurations = (
				E2B5D6532B048EF900801719 /* Debug */,
				E2B5D6542B048EF900801719 /* Release */,
			);
			defaultConfigurationIsVisible = 0;
			defaultConfigurationName = Release;
		};
		E2B5D6552B048EF900801719 /* Build configuration list for PBXNativeTarget "Carsharing Aggregator" */ = {
			isa = XCConfigurationList;
			buildConfigurations = (
				E2B5D6562B048EF900801719 /* Debug */,
				E2B5D6572B048EF900801719 /* Release */,
			);
			defaultConfigurationIsVisible = 0;
			defaultConfigurationName = Release;
		};
/* End XCConfigurationList section */

/* Begin XCRemoteSwiftPackageReference section */
		E2B5D6582B04918A00801719 /* XCRemoteSwiftPackageReference "SnapKit" */ = {
			isa = XCRemoteSwiftPackageReference;
			repositoryURL = "https://github.com/SnapKit/SnapKit";
			requirement = {
				kind = upToNextMajorVersion;
				minimumVersion = 5.6.0;
			};
		};
		E2B5D65D2B04932500801719 /* XCRemoteSwiftPackageReference "Kingfisher" */ = {
			isa = XCRemoteSwiftPackageReference;
			repositoryURL = "https://github.com/onevcat/Kingfisher";
			requirement = {
				kind = upToNextMajorVersion;
				minimumVersion = 7.10.0;
			};
		};
		E2B5D6602B04934800801719 /* XCRemoteSwiftPackageReference "SwiftKeychainWrapper" */ = {
			isa = XCRemoteSwiftPackageReference;
			repositoryURL = "https://github.com/jrendel/SwiftKeychainWrapper";
			requirement = {
				kind = upToNextMajorVersion;
				minimumVersion = 4.0.1;
			};
		};
		E2B5D66B2B04E87800801719 /* XCRemoteSwiftPackageReference "SwiftLint" */ = {
			isa = XCRemoteSwiftPackageReference;
			repositoryURL = "https://github.com/realm/SwiftLint";
			requirement = {
				kind = upToNextMajorVersion;
				minimumVersion = 0.54.0;
			};
		};
/* End XCRemoteSwiftPackageReference section */

/* Begin XCSwiftPackageProductDependency section */
		E2B5D6592B04918A00801719 /* SnapKit */ = {
			isa = XCSwiftPackageProductDependency;
			package = E2B5D6582B04918A00801719 /* XCRemoteSwiftPackageReference "SnapKit" */;
			productName = SnapKit;
		};
		E2B5D65B2B04918A00801719 /* SnapKit-Dynamic */ = {
			isa = XCSwiftPackageProductDependency;
			package = E2B5D6582B04918A00801719 /* XCRemoteSwiftPackageReference "SnapKit" */;
			productName = "SnapKit-Dynamic";
		};
		E2B5D65E2B04932500801719 /* Kingfisher */ = {
			isa = XCSwiftPackageProductDependency;
			package = E2B5D65D2B04932500801719 /* XCRemoteSwiftPackageReference "Kingfisher" */;
			productName = Kingfisher;
		};
		E2B5D6612B04934800801719 /* SwiftKeychainWrapper */ = {
			isa = XCSwiftPackageProductDependency;
			package = E2B5D6602B04934800801719 /* XCRemoteSwiftPackageReference "SwiftKeychainWrapper" */;
			productName = SwiftKeychainWrapper;
		};
		E2B5D6702B04E89C00801719 /* SwiftLintPlugin */ = {
			isa = XCSwiftPackageProductDependency;
			package = E2B5D66B2B04E87800801719 /* XCRemoteSwiftPackageReference "SwiftLint" */;
			productName = "plugin:SwiftLintPlugin";
		};
/* End XCSwiftPackageProductDependency section */
	};
	rootObject = E2B5D6392B048EF800801719 /* Project object */;
}
