// !$*UTF8*$!
{
	archiveVersion = 1;
	classes = {
	};
	objectVersion = 56;
	objects = {

/* Begin PBXBuildFile section */
		322D34552B31745B00D4D1AE /* SelectedFilterCollectionViewCell.swift in Sources */ = {isa = PBXBuildFile; fileRef = 322D34542B31745B00D4D1AE /* SelectedFilterCollectionViewCell.swift */; };
		32453C022B14D764003E7AA8 /* BaseMapView.swift in Sources */ = {isa = PBXBuildFile; fileRef = 32453C012B14D764003E7AA8 /* BaseMapView.swift */; };
		32453C042B14D7AD003E7AA8 /* MapViewController.swift in Sources */ = {isa = PBXBuildFile; fileRef = 32453C032B14D7AD003E7AA8 /* MapViewController.swift */; };
		32453C072B152AAA003E7AA8 /* TabBarView.swift in Sources */ = {isa = PBXBuildFile; fileRef = 32453C062B152AAA003E7AA8 /* TabBarView.swift */; };
		32453C092B152BAF003E7AA8 /* UIView+Ext.swift in Sources */ = {isa = PBXBuildFile; fileRef = 32453C082B152BAF003E7AA8 /* UIView+Ext.swift */; };
		32453C0B2B153FCE003E7AA8 /* MapCoordinator.swift in Sources */ = {isa = PBXBuildFile; fileRef = 32453C0A2B153FCE003E7AA8 /* MapCoordinator.swift */; };
		3266F2342B56AC4C006F5C9E /* ReviewAndRatingViewController.swift in Sources */ = {isa = PBXBuildFile; fileRef = 3266F2332B56AC4C006F5C9E /* ReviewAndRatingViewController.swift */; };
		3266F2362B56B8A1006F5C9E /* ReviewAndRatingViewModel.swift in Sources */ = {isa = PBXBuildFile; fileRef = 3266F2352B56B8A1006F5C9E /* ReviewAndRatingViewModel.swift */; };
		3266F2382B56B8EC006F5C9E /* ReviewAndRatingCordinator.swift in Sources */ = {isa = PBXBuildFile; fileRef = 3266F2372B56B8EC006F5C9E /* ReviewAndRatingCordinator.swift */; };
		3273FCDE2B1E621100C3C137 /* MapViewModel.swift in Sources */ = {isa = PBXBuildFile; fileRef = 3273FCDD2B1E621100C3C137 /* MapViewModel.swift */; };
		32857E8D2B1F41A8003AE9AC /* GeometryProvider.swift in Sources */ = {isa = PBXBuildFile; fileRef = 32857E8C2B1F41A8003AE9AC /* GeometryProvider.swift */; };
		328BD0FA2B2334A600F3AB80 /* FilterCollectionViewCell.swift in Sources */ = {isa = PBXBuildFile; fileRef = 328BD0F92B2334A600F3AB80 /* FilterCollectionViewCell.swift */; };
		328BD0FC2B2334C100F3AB80 /* FiltersViewController.swift in Sources */ = {isa = PBXBuildFile; fileRef = 328BD0FB2B2334C100F3AB80 /* FiltersViewController.swift */; };
		328BD0FE2B23353E00F3AB80 /* FiltersCoordinator.swift in Sources */ = {isa = PBXBuildFile; fileRef = 328BD0FD2B23353E00F3AB80 /* FiltersCoordinator.swift */; };
		328BD1022B2335C900F3AB80 /* FiltersViewModel.swift in Sources */ = {isa = PBXBuildFile; fileRef = 328BD1012B2335C900F3AB80 /* FiltersViewModel.swift */; };
		328BD1042B2336A700F3AB80 /* ListSection.swift in Sources */ = {isa = PBXBuildFile; fileRef = 328BD1032B2336A700F3AB80 /* ListSection.swift */; };
		328BD1072B23472D00F3AB80 /* FiltersSupplementaryView.swift in Sources */ = {isa = PBXBuildFile; fileRef = 328BD1062B23472D00F3AB80 /* FiltersSupplementaryView.swift */; };
		328BD12D2B2490D000F3AB80 /* ListItem.swift in Sources */ = {isa = PBXBuildFile; fileRef = 328BD12C2B2490D000F3AB80 /* ListItem.swift */; };
		328BD12F2B2492D800F3AB80 /* MockData.swift in Sources */ = {isa = PBXBuildFile; fileRef = 328BD12E2B2492D800F3AB80 /* MockData.swift */; };
		328BD1312B249BBD00F3AB80 /* RatingCollectionViewCell.swift in Sources */ = {isa = PBXBuildFile; fileRef = 328BD1302B249BBD00F3AB80 /* RatingCollectionViewCell.swift */; };
		328BD1352B25BCBB00F3AB80 /* MapButtonView.swift in Sources */ = {isa = PBXBuildFile; fileRef = 328BD1342B25BCBB00F3AB80 /* MapButtonView.swift */; };
		328BD1372B25EF4500F3AB80 /* TabButtonView.swift in Sources */ = {isa = PBXBuildFile; fileRef = 328BD1362B25EF4500F3AB80 /* TabButtonView.swift */; };
		32B08EB72B555E120085E8FF /* Сonstants.swift in Sources */ = {isa = PBXBuildFile; fileRef = 32B08EB62B555E120085E8FF /* Сonstants.swift */; };
		32F44C0E2B299E1B00D11FD7 /* UIColor+Ext.swift in Sources */ = {isa = PBXBuildFile; fileRef = 32F44C0D2B299E1B00D11FD7 /* UIColor+Ext.swift */; };
		370ADE822B199A7B0090300E /* AuthCoordinator.swift in Sources */ = {isa = PBXBuildFile; fileRef = 370ADE812B199A7B0090300E /* AuthCoordinator.swift */; };
		370ADE882B199AD20090300E /* RegistrationView.swift in Sources */ = {isa = PBXBuildFile; fileRef = 370ADE872B199AD20090300E /* RegistrationView.swift */; };
		370ADE8A2B199AE50090300E /* RegistrationViewModel.swift in Sources */ = {isa = PBXBuildFile; fileRef = 370ADE892B199AE50090300E /* RegistrationViewModel.swift */; };
		370ADE8C2B199AF20090300E /* RegistrationCoordinator.swift in Sources */ = {isa = PBXBuildFile; fileRef = 370ADE8B2B199AF20090300E /* RegistrationCoordinator.swift */; };
		370ADE8F2B199B200090300E /* RegistrationModel.swift in Sources */ = {isa = PBXBuildFile; fileRef = 370ADE8E2B199B200090300E /* RegistrationModel.swift */; };
		370ADE952B199B740090300E /* LoginCoordinator.swift in Sources */ = {isa = PBXBuildFile; fileRef = 370ADE942B199B740090300E /* LoginCoordinator.swift */; };
		370ADE972B199B810090300E /* LoginView.swift in Sources */ = {isa = PBXBuildFile; fileRef = 370ADE962B199B810090300E /* LoginView.swift */; };
		370ADE992B199B8D0090300E /* LoginViewModel.swift in Sources */ = {isa = PBXBuildFile; fileRef = 370ADE982B199B8D0090300E /* LoginViewModel.swift */; };
		370ADE9B2B199B9C0090300E /* LoginModel.swift in Sources */ = {isa = PBXBuildFile; fileRef = 370ADE9A2B199B9C0090300E /* LoginModel.swift */; };
		370ADEB02B199CD80090300E /* String+Ext.swift in Sources */ = {isa = PBXBuildFile; fileRef = 370ADEAF2B199CD80090300E /* String+Ext.swift */; };
		370ADEB22B199CE60090300E /* UITextField+Ext.swift in Sources */ = {isa = PBXBuildFile; fileRef = 370ADEB12B199CE60090300E /* UITextField+Ext.swift */; };
		370ADEB52B199F7F0090300E /* SnapKit in Frameworks */ = {isa = PBXBuildFile; productRef = 370ADEB42B199F7F0090300E /* SnapKit */; };
		370ADEB82B199F870090300E /* SwiftKeychainWrapper in Frameworks */ = {isa = PBXBuildFile; productRef = 370ADEB72B199F870090300E /* SwiftKeychainWrapper */; };
		370ADEBB2B199F900090300E /* Kingfisher in Frameworks */ = {isa = PBXBuildFile; productRef = 370ADEBA2B199F900090300E /* Kingfisher */; };
		37842A412B36D23100FA7150 /* UILabel+Ext.swift in Sources */ = {isa = PBXBuildFile; fileRef = 37842A402B36D23100FA7150 /* UILabel+Ext.swift */; };
		37842A432B36D78700FA7150 /* EnterViewController.swift in Sources */ = {isa = PBXBuildFile; fileRef = 37842A422B36D78700FA7150 /* EnterViewController.swift */; };
		37842A452B36D7A300FA7150 /* UIButton+Ext.swift in Sources */ = {isa = PBXBuildFile; fileRef = 37842A442B36D7A300FA7150 /* UIButton+Ext.swift */; };
		37842A472B36D8CA00FA7150 /* EnterViewModel.swift in Sources */ = {isa = PBXBuildFile; fileRef = 37842A462B36D8CA00FA7150 /* EnterViewModel.swift */; };
		378E058B2B4AE857002B0F0C /* ProgressHUD in Frameworks */ = {isa = PBXBuildFile; productRef = 378E058A2B4AE857002B0F0C /* ProgressHUD */; };
		378E058F2B4BF3ED002B0F0C /* UIProgressHUD.swift in Sources */ = {isa = PBXBuildFile; fileRef = 378E058E2B4BF3ED002B0F0C /* UIProgressHUD.swift */; };
		37A1A23F2B149A02002C26DA /* UINavigationCotroller+Ext.swift in Sources */ = {isa = PBXBuildFile; fileRef = 37A1A23E2B149A02002C26DA /* UINavigationCotroller+Ext.swift */; };
		37A1A2412B149A08002C26DA /* ParentCoordinator+Ext.swift in Sources */ = {isa = PBXBuildFile; fileRef = 37A1A2402B149A08002C26DA /* ParentCoordinator+Ext.swift */; };
		37A1A2432B149A0D002C26DA /* Coordinator+Ext.swift in Sources */ = {isa = PBXBuildFile; fileRef = 37A1A2422B149A0D002C26DA /* Coordinator+Ext.swift */; };
		37A1A24F2B149B1B002C26DA /* AppCoordinators.swift in Sources */ = {isa = PBXBuildFile; fileRef = 37A1A24E2B149B1B002C26DA /* AppCoordinators.swift */; };
		37B6F3F62B1688F8001F9D55 /* UserModel.swift in Sources */ = {isa = PBXBuildFile; fileRef = 37B6F3F52B1688F8001F9D55 /* UserModel.swift */; };
		37B6F3FA2B1689F5001F9D55 /* CarModel.swift in Sources */ = {isa = PBXBuildFile; fileRef = 37B6F3F92B1689F5001F9D55 /* CarModel.swift */; };
		5707BA29305A54B9E83269DD /* Pods_Carsharing_Aggregator.framework in Frameworks */ = {isa = PBXBuildFile; fileRef = 8011ECC10AB3FD263BD97C5F /* Pods_Carsharing_Aggregator.framework */; };
		611F12812B2B8ABC009D27CC /* SelectedCarCell.swift in Sources */ = {isa = PBXBuildFile; fileRef = 611F12802B2B8ABC009D27CC /* SelectedCarCell.swift */; };
		611F12832B2B8CEE009D27CC /* SelectedCarRatingCell.swift in Sources */ = {isa = PBXBuildFile; fileRef = 611F12822B2B8CEE009D27CC /* SelectedCarRatingCell.swift */; };
		6166DC5E2B299B9D003E57FB /* SelectedCarViewController.swift in Sources */ = {isa = PBXBuildFile; fileRef = 6166DC5D2B299B9D003E57FB /* SelectedCarViewController.swift */; };
		6166DC632B29FA96003E57FB /* SelectedCarViewModel.swift in Sources */ = {isa = PBXBuildFile; fileRef = 6166DC622B29FA96003E57FB /* SelectedCarViewModel.swift */; };
		6166DC652B29FAF4003E57FB /* SelectedCarCoordinator.swift in Sources */ = {isa = PBXBuildFile; fileRef = 6166DC642B29FAF4003E57FB /* SelectedCarCoordinator.swift */; };
		616BDE452B33807A000DEE66 /* RouteService.swift in Sources */ = {isa = PBXBuildFile; fileRef = 616BDE442B33807A000DEE66 /* RouteService.swift */; };
		61BF07B32B3329C8004E375E /* AddressService.swift in Sources */ = {isa = PBXBuildFile; fileRef = 61BF07B22B3329C8004E375E /* AddressService.swift */; };
		61FDC7572B4E897200E14EDA /* FiltersRequest.swift in Sources */ = {isa = PBXBuildFile; fileRef = 61FDC7562B4E897200E14EDA /* FiltersRequest.swift */; };
		C40379252B262567008F22F8 /* SearchCarViewController.swift in Sources */ = {isa = PBXBuildFile; fileRef = C40379242B262567008F22F8 /* SearchCarViewController.swift */; };
		C40379272B262579008F22F8 /* SearchCarViewModel.swift in Sources */ = {isa = PBXBuildFile; fileRef = C40379262B262579008F22F8 /* SearchCarViewModel.swift */; };
		C40379292B262590008F22F8 /* SearchCarCoordinator.swift in Sources */ = {isa = PBXBuildFile; fileRef = C40379282B262590008F22F8 /* SearchCarCoordinator.swift */; };
		C403792B2B262B47008F22F8 /* CarCell.swift in Sources */ = {isa = PBXBuildFile; fileRef = C403792A2B262B47008F22F8 /* CarCell.swift */; };
		C403792F2B263C32008F22F8 /* UICollectionView+ReuseIdentifier+Ext.swift in Sources */ = {isa = PBXBuildFile; fileRef = C403792E2B263C32008F22F8 /* UICollectionView+ReuseIdentifier+Ext.swift */; };
		C40379322B270F7D008F22F8 /* Observable.swift in Sources */ = {isa = PBXBuildFile; fileRef = C40379312B270F7D008F22F8 /* Observable.swift */; };
		C41ECEB42B4F2C1F00D149E5 /* ProfileMenuCell.swift in Sources */ = {isa = PBXBuildFile; fileRef = C41ECEB32B4F2C1F00D149E5 /* ProfileMenuCell.swift */; };
		C442478A2B529EAD00F215C6 /* ProfileMenu.swift in Sources */ = {isa = PBXBuildFile; fileRef = C44247892B529EAD00F215C6 /* ProfileMenu.swift */; };
		C462D8F82B1633B70060287C /* ProfileViewController.swift in Sources */ = {isa = PBXBuildFile; fileRef = C462D8F72B1633B70060287C /* ProfileViewController.swift */; };
		C462D8FA2B1633CB0060287C /* ProfileViewModel.swift in Sources */ = {isa = PBXBuildFile; fileRef = C462D8F92B1633CB0060287C /* ProfileViewModel.swift */; };
		C462D8FC2B1634580060287C /* ProfileCoordinator.swift in Sources */ = {isa = PBXBuildFile; fileRef = C462D8FB2B1634580060287C /* ProfileCoordinator.swift */; };
		C494CD0A2B4C1F160007CCA9 /* CarTypeView.swift in Sources */ = {isa = PBXBuildFile; fileRef = C494CD092B4C1F160007CCA9 /* CarTypeView.swift */; };
		C4A3F8562B28E72000B62BB3 /* CarModelViewController.swift in Sources */ = {isa = PBXBuildFile; fileRef = C4A3F8552B28E72000B62BB3 /* CarModelViewController.swift */; };
		C4A3F8592B29131400B62BB3 /* TransitionToCarSharingButton.swift in Sources */ = {isa = PBXBuildFile; fileRef = C4A3F8582B29131400B62BB3 /* TransitionToCarSharingButton.swift */; };
		C4C9B25D2B1378FB00399C79 /* UIImage+Ext.swift in Sources */ = {isa = PBXBuildFile; fileRef = C4C9B25C2B1378FB00399C79 /* UIImage+Ext.swift */; };
		E208D7FF2B501E9700803CB9 /* TokenStorage.swift in Sources */ = {isa = PBXBuildFile; fileRef = E208D7FE2B501E9700803CB9 /* TokenStorage.swift */; };
		E22100002B18E26A002A5268 /* SecondOnboardingViewModel.swift in Sources */ = {isa = PBXBuildFile; fileRef = E221FFFF2B18E26A002A5268 /* SecondOnboardingViewModel.swift */; };
		E221FFD32B14BCEC002A5268 /* OnboardingCoordinator.swift in Sources */ = {isa = PBXBuildFile; fileRef = E221FFD22B14BCEC002A5268 /* OnboardingCoordinator.swift */; };
		E221FFD52B14BD82002A5268 /* RootCoordinator.swift in Sources */ = {isa = PBXBuildFile; fileRef = E221FFD42B14BD82002A5268 /* RootCoordinator.swift */; };
		E221FFD72B14BEAB002A5268 /* FirstOnboardingViewController.swift in Sources */ = {isa = PBXBuildFile; fileRef = E221FFD62B14BEAB002A5268 /* FirstOnboardingViewController.swift */; };
		E221FFDA2B14C19A002A5268 /* ViewModel.swift in Sources */ = {isa = PBXBuildFile; fileRef = E221FFD92B14C19A002A5268 /* ViewModel.swift */; };
		E221FFDC2B14C254002A5268 /* FirstOnboardingViewModel.swift in Sources */ = {isa = PBXBuildFile; fileRef = E221FFDB2B14C254002A5268 /* FirstOnboardingViewModel.swift */; };
		E221FFFE2B18DD30002A5268 /* SecondOnboardingViewController.swift in Sources */ = {isa = PBXBuildFile; fileRef = E221FFFD2B18DD30002A5268 /* SecondOnboardingViewController.swift */; };
		E2B5D6452B048EF800801719 /* AppDelegate.swift in Sources */ = {isa = PBXBuildFile; fileRef = E2B5D6442B048EF800801719 /* AppDelegate.swift */; };
		E2B5D6472B048EF800801719 /* SceneDelegate.swift in Sources */ = {isa = PBXBuildFile; fileRef = E2B5D6462B048EF800801719 /* SceneDelegate.swift */; };
		E2B5D64E2B048EF900801719 /* Assets.xcassets in Resources */ = {isa = PBXBuildFile; fileRef = E2B5D64D2B048EF900801719 /* Assets.xcassets */; };
		E2B5D6512B048EF900801719 /* LaunchScreen.storyboard in Resources */ = {isa = PBXBuildFile; fileRef = E2B5D64F2B048EF900801719 /* LaunchScreen.storyboard */; };
		E2F06ACB2B25DCB700E088DE /* CarsService.swift in Sources */ = {isa = PBXBuildFile; fileRef = E2F06ACA2B25DCB700E088DE /* CarsService.swift */; };
		E2F06ACE2B273BD500E088DE /* NetwrokRequest.swift in Sources */ = {isa = PBXBuildFile; fileRef = E2F06ACD2B273BD500E088DE /* NetwrokRequest.swift */; };
		E2F06AD02B273CF600E088DE /* NetworkClient.swift in Sources */ = {isa = PBXBuildFile; fileRef = E2F06ACF2B273CF600E088DE /* NetworkClient.swift */; };
		E2F06AD22B273DB000E088DE /* NetworkTask.swift in Sources */ = {isa = PBXBuildFile; fileRef = E2F06AD12B273DB000E088DE /* NetworkTask.swift */; };
		E2F06AD42B274B4700E088DE /* UserService.swift in Sources */ = {isa = PBXBuildFile; fileRef = E2F06AD32B274B4700E088DE /* UserService.swift */; };
		E2F06AD62B274B7A00E088DE /* UserRegistration.swift in Sources */ = {isa = PBXBuildFile; fileRef = E2F06AD52B274B7A00E088DE /* UserRegistration.swift */; };
		E2F516E52B518E1300D0BE86 /* UserProfile.swift in Sources */ = {isa = PBXBuildFile; fileRef = E2F516E42B518E1300D0BE86 /* UserProfile.swift */; };
/* End PBXBuildFile section */

/* Begin PBXFileReference section */
		20052997AFA8816DFF0028E6 /* Pods-Carsharing Aggregator.debug.xcconfig */ = {isa = PBXFileReference; includeInIndex = 1; lastKnownFileType = text.xcconfig; name = "Pods-Carsharing Aggregator.debug.xcconfig"; path = "Target Support Files/Pods-Carsharing Aggregator/Pods-Carsharing Aggregator.debug.xcconfig"; sourceTree = "<group>"; };
		322D34542B31745B00D4D1AE /* SelectedFilterCollectionViewCell.swift */ = {isa = PBXFileReference; lastKnownFileType = sourcecode.swift; path = SelectedFilterCollectionViewCell.swift; sourceTree = "<group>"; };
		32453C012B14D764003E7AA8 /* BaseMapView.swift */ = {isa = PBXFileReference; lastKnownFileType = sourcecode.swift; path = BaseMapView.swift; sourceTree = "<group>"; };
		32453C032B14D7AD003E7AA8 /* MapViewController.swift */ = {isa = PBXFileReference; lastKnownFileType = sourcecode.swift; path = MapViewController.swift; sourceTree = "<group>"; };
		32453C062B152AAA003E7AA8 /* TabBarView.swift */ = {isa = PBXFileReference; lastKnownFileType = sourcecode.swift; path = TabBarView.swift; sourceTree = "<group>"; };
		32453C082B152BAF003E7AA8 /* UIView+Ext.swift */ = {isa = PBXFileReference; lastKnownFileType = sourcecode.swift; path = "UIView+Ext.swift"; sourceTree = "<group>"; };
		32453C0A2B153FCE003E7AA8 /* MapCoordinator.swift */ = {isa = PBXFileReference; lastKnownFileType = sourcecode.swift; path = MapCoordinator.swift; sourceTree = "<group>"; };
		3266F2332B56AC4C006F5C9E /* ReviewAndRatingViewController.swift */ = {isa = PBXFileReference; lastKnownFileType = sourcecode.swift; path = ReviewAndRatingViewController.swift; sourceTree = "<group>"; };
		3266F2352B56B8A1006F5C9E /* ReviewAndRatingViewModel.swift */ = {isa = PBXFileReference; lastKnownFileType = sourcecode.swift; path = ReviewAndRatingViewModel.swift; sourceTree = "<group>"; };
		3266F2372B56B8EC006F5C9E /* ReviewAndRatingCordinator.swift */ = {isa = PBXFileReference; lastKnownFileType = sourcecode.swift; path = ReviewAndRatingCordinator.swift; sourceTree = "<group>"; };
		3273FCDD2B1E621100C3C137 /* MapViewModel.swift */ = {isa = PBXFileReference; lastKnownFileType = sourcecode.swift; path = MapViewModel.swift; sourceTree = "<group>"; };
		32857E8C2B1F41A8003AE9AC /* GeometryProvider.swift */ = {isa = PBXFileReference; lastKnownFileType = sourcecode.swift; path = GeometryProvider.swift; sourceTree = "<group>"; };
		328BD0F92B2334A600F3AB80 /* FilterCollectionViewCell.swift */ = {isa = PBXFileReference; lastKnownFileType = sourcecode.swift; path = FilterCollectionViewCell.swift; sourceTree = "<group>"; };
		328BD0FB2B2334C100F3AB80 /* FiltersViewController.swift */ = {isa = PBXFileReference; lastKnownFileType = sourcecode.swift; path = FiltersViewController.swift; sourceTree = "<group>"; };
		328BD0FD2B23353E00F3AB80 /* FiltersCoordinator.swift */ = {isa = PBXFileReference; lastKnownFileType = sourcecode.swift; path = FiltersCoordinator.swift; sourceTree = "<group>"; };
		328BD1012B2335C900F3AB80 /* FiltersViewModel.swift */ = {isa = PBXFileReference; lastKnownFileType = sourcecode.swift; path = FiltersViewModel.swift; sourceTree = "<group>"; };
		328BD1032B2336A700F3AB80 /* ListSection.swift */ = {isa = PBXFileReference; lastKnownFileType = sourcecode.swift; path = ListSection.swift; sourceTree = "<group>"; };
		328BD1062B23472D00F3AB80 /* FiltersSupplementaryView.swift */ = {isa = PBXFileReference; lastKnownFileType = sourcecode.swift; path = FiltersSupplementaryView.swift; sourceTree = "<group>"; };
		328BD12C2B2490D000F3AB80 /* ListItem.swift */ = {isa = PBXFileReference; lastKnownFileType = sourcecode.swift; path = ListItem.swift; sourceTree = "<group>"; };
		328BD12E2B2492D800F3AB80 /* MockData.swift */ = {isa = PBXFileReference; lastKnownFileType = sourcecode.swift; path = MockData.swift; sourceTree = "<group>"; };
		328BD1302B249BBD00F3AB80 /* RatingCollectionViewCell.swift */ = {isa = PBXFileReference; lastKnownFileType = sourcecode.swift; path = RatingCollectionViewCell.swift; sourceTree = "<group>"; };
		328BD1342B25BCBB00F3AB80 /* MapButtonView.swift */ = {isa = PBXFileReference; lastKnownFileType = sourcecode.swift; path = MapButtonView.swift; sourceTree = "<group>"; };
		328BD1362B25EF4500F3AB80 /* TabButtonView.swift */ = {isa = PBXFileReference; lastKnownFileType = sourcecode.swift; path = TabButtonView.swift; sourceTree = "<group>"; };
		32B08EB62B555E120085E8FF /* Сonstants.swift */ = {isa = PBXFileReference; lastKnownFileType = sourcecode.swift; path = "Сonstants.swift"; sourceTree = "<group>"; };
		32F44C0D2B299E1B00D11FD7 /* UIColor+Ext.swift */ = {isa = PBXFileReference; fileEncoding = 4; lastKnownFileType = sourcecode.swift; path = "UIColor+Ext.swift"; sourceTree = "<group>"; };
		370ADE812B199A7B0090300E /* AuthCoordinator.swift */ = {isa = PBXFileReference; fileEncoding = 4; lastKnownFileType = sourcecode.swift; path = AuthCoordinator.swift; sourceTree = "<group>"; };
		370ADE872B199AD20090300E /* RegistrationView.swift */ = {isa = PBXFileReference; fileEncoding = 4; lastKnownFileType = sourcecode.swift; path = RegistrationView.swift; sourceTree = "<group>"; };
		370ADE892B199AE50090300E /* RegistrationViewModel.swift */ = {isa = PBXFileReference; fileEncoding = 4; lastKnownFileType = sourcecode.swift; path = RegistrationViewModel.swift; sourceTree = "<group>"; };
		370ADE8B2B199AF20090300E /* RegistrationCoordinator.swift */ = {isa = PBXFileReference; fileEncoding = 4; lastKnownFileType = sourcecode.swift; path = RegistrationCoordinator.swift; sourceTree = "<group>"; };
		370ADE8E2B199B200090300E /* RegistrationModel.swift */ = {isa = PBXFileReference; lastKnownFileType = sourcecode.swift; path = RegistrationModel.swift; sourceTree = "<group>"; };
		370ADE942B199B740090300E /* LoginCoordinator.swift */ = {isa = PBXFileReference; fileEncoding = 4; lastKnownFileType = sourcecode.swift; path = LoginCoordinator.swift; sourceTree = "<group>"; };
		370ADE962B199B810090300E /* LoginView.swift */ = {isa = PBXFileReference; fileEncoding = 4; lastKnownFileType = sourcecode.swift; path = LoginView.swift; sourceTree = "<group>"; };
		370ADE982B199B8D0090300E /* LoginViewModel.swift */ = {isa = PBXFileReference; fileEncoding = 4; lastKnownFileType = sourcecode.swift; path = LoginViewModel.swift; sourceTree = "<group>"; };
		370ADE9A2B199B9C0090300E /* LoginModel.swift */ = {isa = PBXFileReference; lastKnownFileType = sourcecode.swift; path = LoginModel.swift; sourceTree = "<group>"; };
		370ADEAF2B199CD80090300E /* String+Ext.swift */ = {isa = PBXFileReference; fileEncoding = 4; lastKnownFileType = sourcecode.swift; path = "String+Ext.swift"; sourceTree = "<group>"; };
		370ADEB12B199CE60090300E /* UITextField+Ext.swift */ = {isa = PBXFileReference; fileEncoding = 4; lastKnownFileType = sourcecode.swift; path = "UITextField+Ext.swift"; sourceTree = "<group>"; };
		37842A402B36D23100FA7150 /* UILabel+Ext.swift */ = {isa = PBXFileReference; lastKnownFileType = sourcecode.swift; path = "UILabel+Ext.swift"; sourceTree = "<group>"; };
		37842A422B36D78700FA7150 /* EnterViewController.swift */ = {isa = PBXFileReference; lastKnownFileType = sourcecode.swift; path = EnterViewController.swift; sourceTree = "<group>"; };
		37842A442B36D7A300FA7150 /* UIButton+Ext.swift */ = {isa = PBXFileReference; lastKnownFileType = sourcecode.swift; path = "UIButton+Ext.swift"; sourceTree = "<group>"; };
		37842A462B36D8CA00FA7150 /* EnterViewModel.swift */ = {isa = PBXFileReference; lastKnownFileType = sourcecode.swift; path = EnterViewModel.swift; sourceTree = "<group>"; };
		378E058E2B4BF3ED002B0F0C /* UIProgressHUD.swift */ = {isa = PBXFileReference; lastKnownFileType = sourcecode.swift; path = UIProgressHUD.swift; sourceTree = "<group>"; };
		37A1A23E2B149A02002C26DA /* UINavigationCotroller+Ext.swift */ = {isa = PBXFileReference; fileEncoding = 4; lastKnownFileType = sourcecode.swift; path = "UINavigationCotroller+Ext.swift"; sourceTree = "<group>"; };
		37A1A2402B149A08002C26DA /* ParentCoordinator+Ext.swift */ = {isa = PBXFileReference; fileEncoding = 4; lastKnownFileType = sourcecode.swift; path = "ParentCoordinator+Ext.swift"; sourceTree = "<group>"; };
		37A1A2422B149A0D002C26DA /* Coordinator+Ext.swift */ = {isa = PBXFileReference; fileEncoding = 4; lastKnownFileType = sourcecode.swift; path = "Coordinator+Ext.swift"; sourceTree = "<group>"; };
		37A1A24E2B149B1B002C26DA /* AppCoordinators.swift */ = {isa = PBXFileReference; fileEncoding = 4; lastKnownFileType = sourcecode.swift; path = AppCoordinators.swift; sourceTree = "<group>"; };
		37B6F3F52B1688F8001F9D55 /* UserModel.swift */ = {isa = PBXFileReference; lastKnownFileType = sourcecode.swift; path = UserModel.swift; sourceTree = "<group>"; };
		37B6F3F92B1689F5001F9D55 /* CarModel.swift */ = {isa = PBXFileReference; lastKnownFileType = sourcecode.swift; path = CarModel.swift; sourceTree = "<group>"; };
		611F12802B2B8ABC009D27CC /* SelectedCarCell.swift */ = {isa = PBXFileReference; lastKnownFileType = sourcecode.swift; path = SelectedCarCell.swift; sourceTree = "<group>"; };
		611F12822B2B8CEE009D27CC /* SelectedCarRatingCell.swift */ = {isa = PBXFileReference; lastKnownFileType = sourcecode.swift; path = SelectedCarRatingCell.swift; sourceTree = "<group>"; };
		6166DC5D2B299B9D003E57FB /* SelectedCarViewController.swift */ = {isa = PBXFileReference; lastKnownFileType = sourcecode.swift; path = SelectedCarViewController.swift; sourceTree = "<group>"; };
		6166DC622B29FA96003E57FB /* SelectedCarViewModel.swift */ = {isa = PBXFileReference; lastKnownFileType = sourcecode.swift; path = SelectedCarViewModel.swift; sourceTree = "<group>"; };
		6166DC642B29FAF4003E57FB /* SelectedCarCoordinator.swift */ = {isa = PBXFileReference; lastKnownFileType = sourcecode.swift; path = SelectedCarCoordinator.swift; sourceTree = "<group>"; };
		616BDE442B33807A000DEE66 /* RouteService.swift */ = {isa = PBXFileReference; lastKnownFileType = sourcecode.swift; path = RouteService.swift; sourceTree = "<group>"; };
		61BF07B22B3329C8004E375E /* AddressService.swift */ = {isa = PBXFileReference; lastKnownFileType = sourcecode.swift; path = AddressService.swift; sourceTree = "<group>"; };
		61FDC7562B4E897200E14EDA /* FiltersRequest.swift */ = {isa = PBXFileReference; lastKnownFileType = sourcecode.swift; path = FiltersRequest.swift; sourceTree = "<group>"; };
		8011ECC10AB3FD263BD97C5F /* Pods_Carsharing_Aggregator.framework */ = {isa = PBXFileReference; explicitFileType = wrapper.framework; includeInIndex = 0; path = Pods_Carsharing_Aggregator.framework; sourceTree = BUILT_PRODUCTS_DIR; };
		C40379242B262567008F22F8 /* SearchCarViewController.swift */ = {isa = PBXFileReference; lastKnownFileType = sourcecode.swift; path = SearchCarViewController.swift; sourceTree = "<group>"; };
		C40379262B262579008F22F8 /* SearchCarViewModel.swift */ = {isa = PBXFileReference; lastKnownFileType = sourcecode.swift; path = SearchCarViewModel.swift; sourceTree = "<group>"; };
		C40379282B262590008F22F8 /* SearchCarCoordinator.swift */ = {isa = PBXFileReference; lastKnownFileType = sourcecode.swift; path = SearchCarCoordinator.swift; sourceTree = "<group>"; };
		C403792A2B262B47008F22F8 /* CarCell.swift */ = {isa = PBXFileReference; lastKnownFileType = sourcecode.swift; path = CarCell.swift; sourceTree = "<group>"; };
		C403792E2B263C32008F22F8 /* UICollectionView+ReuseIdentifier+Ext.swift */ = {isa = PBXFileReference; lastKnownFileType = sourcecode.swift; path = "UICollectionView+ReuseIdentifier+Ext.swift"; sourceTree = "<group>"; };
		C40379312B270F7D008F22F8 /* Observable.swift */ = {isa = PBXFileReference; lastKnownFileType = sourcecode.swift; path = Observable.swift; sourceTree = "<group>"; };
		C41ECEB32B4F2C1F00D149E5 /* ProfileMenuCell.swift */ = {isa = PBXFileReference; lastKnownFileType = sourcecode.swift; path = ProfileMenuCell.swift; sourceTree = "<group>"; };
		C44247892B529EAD00F215C6 /* ProfileMenu.swift */ = {isa = PBXFileReference; lastKnownFileType = sourcecode.swift; path = ProfileMenu.swift; sourceTree = "<group>"; };
		C462D8F72B1633B70060287C /* ProfileViewController.swift */ = {isa = PBXFileReference; lastKnownFileType = sourcecode.swift; path = ProfileViewController.swift; sourceTree = "<group>"; };
		C462D8F92B1633CB0060287C /* ProfileViewModel.swift */ = {isa = PBXFileReference; lastKnownFileType = sourcecode.swift; path = ProfileViewModel.swift; sourceTree = "<group>"; };
		C462D8FB2B1634580060287C /* ProfileCoordinator.swift */ = {isa = PBXFileReference; lastKnownFileType = sourcecode.swift; path = ProfileCoordinator.swift; sourceTree = "<group>"; };
		C494CD092B4C1F160007CCA9 /* CarTypeView.swift */ = {isa = PBXFileReference; lastKnownFileType = sourcecode.swift; path = CarTypeView.swift; sourceTree = "<group>"; };
		C4A3F8552B28E72000B62BB3 /* CarModelViewController.swift */ = {isa = PBXFileReference; lastKnownFileType = sourcecode.swift; path = CarModelViewController.swift; sourceTree = "<group>"; };
		C4A3F8582B29131400B62BB3 /* TransitionToCarSharingButton.swift */ = {isa = PBXFileReference; lastKnownFileType = sourcecode.swift; path = TransitionToCarSharingButton.swift; sourceTree = "<group>"; };
		C4C9B25C2B1378FB00399C79 /* UIImage+Ext.swift */ = {isa = PBXFileReference; lastKnownFileType = sourcecode.swift; path = "UIImage+Ext.swift"; sourceTree = "<group>"; };
		D79BB145181DD45B389A2114 /* Pods-Carsharing Aggregator.release.xcconfig */ = {isa = PBXFileReference; includeInIndex = 1; lastKnownFileType = text.xcconfig; name = "Pods-Carsharing Aggregator.release.xcconfig"; path = "Target Support Files/Pods-Carsharing Aggregator/Pods-Carsharing Aggregator.release.xcconfig"; sourceTree = "<group>"; };
		E208D7FE2B501E9700803CB9 /* TokenStorage.swift */ = {isa = PBXFileReference; lastKnownFileType = sourcecode.swift; path = TokenStorage.swift; sourceTree = "<group>"; };
		E221FFD22B14BCEC002A5268 /* OnboardingCoordinator.swift */ = {isa = PBXFileReference; lastKnownFileType = sourcecode.swift; path = OnboardingCoordinator.swift; sourceTree = "<group>"; };
		E221FFD42B14BD82002A5268 /* RootCoordinator.swift */ = {isa = PBXFileReference; lastKnownFileType = sourcecode.swift; path = RootCoordinator.swift; sourceTree = "<group>"; };
		E221FFD62B14BEAB002A5268 /* FirstOnboardingViewController.swift */ = {isa = PBXFileReference; lastKnownFileType = sourcecode.swift; path = FirstOnboardingViewController.swift; sourceTree = "<group>"; };
		E221FFD92B14C19A002A5268 /* ViewModel.swift */ = {isa = PBXFileReference; lastKnownFileType = sourcecode.swift; path = ViewModel.swift; sourceTree = "<group>"; };
		E221FFDB2B14C254002A5268 /* FirstOnboardingViewModel.swift */ = {isa = PBXFileReference; lastKnownFileType = sourcecode.swift; path = FirstOnboardingViewModel.swift; sourceTree = "<group>"; };
		E221FFFD2B18DD30002A5268 /* SecondOnboardingViewController.swift */ = {isa = PBXFileReference; lastKnownFileType = sourcecode.swift; path = SecondOnboardingViewController.swift; sourceTree = "<group>"; };
		E221FFFF2B18E26A002A5268 /* SecondOnboardingViewModel.swift */ = {isa = PBXFileReference; lastKnownFileType = sourcecode.swift; path = SecondOnboardingViewModel.swift; sourceTree = "<group>"; };
		E2B5D6412B048EF800801719 /* Carsharing Aggregator.app */ = {isa = PBXFileReference; explicitFileType = wrapper.application; includeInIndex = 0; path = "Carsharing Aggregator.app"; sourceTree = BUILT_PRODUCTS_DIR; };
		E2B5D6442B048EF800801719 /* AppDelegate.swift */ = {isa = PBXFileReference; lastKnownFileType = sourcecode.swift; path = AppDelegate.swift; sourceTree = "<group>"; };
		E2B5D6462B048EF800801719 /* SceneDelegate.swift */ = {isa = PBXFileReference; lastKnownFileType = sourcecode.swift; path = SceneDelegate.swift; sourceTree = "<group>"; };
		E2B5D64D2B048EF900801719 /* Assets.xcassets */ = {isa = PBXFileReference; lastKnownFileType = folder.assetcatalog; path = Assets.xcassets; sourceTree = "<group>"; };
		E2B5D6502B048EF900801719 /* Base */ = {isa = PBXFileReference; lastKnownFileType = file.storyboard; name = Base; path = Base.lproj/LaunchScreen.storyboard; sourceTree = "<group>"; };
		E2B5D6522B048EF900801719 /* Info.plist */ = {isa = PBXFileReference; lastKnownFileType = text.plist.xml; path = Info.plist; sourceTree = "<group>"; };
		E2F06ACA2B25DCB700E088DE /* CarsService.swift */ = {isa = PBXFileReference; lastKnownFileType = sourcecode.swift; path = CarsService.swift; sourceTree = "<group>"; };
		E2F06ACD2B273BD500E088DE /* NetwrokRequest.swift */ = {isa = PBXFileReference; lastKnownFileType = sourcecode.swift; path = NetwrokRequest.swift; sourceTree = "<group>"; };
		E2F06ACF2B273CF600E088DE /* NetworkClient.swift */ = {isa = PBXFileReference; lastKnownFileType = sourcecode.swift; path = NetworkClient.swift; sourceTree = "<group>"; };
		E2F06AD12B273DB000E088DE /* NetworkTask.swift */ = {isa = PBXFileReference; lastKnownFileType = sourcecode.swift; path = NetworkTask.swift; sourceTree = "<group>"; };
		E2F06AD32B274B4700E088DE /* UserService.swift */ = {isa = PBXFileReference; lastKnownFileType = sourcecode.swift; path = UserService.swift; sourceTree = "<group>"; };
		E2F06AD52B274B7A00E088DE /* UserRegistration.swift */ = {isa = PBXFileReference; lastKnownFileType = sourcecode.swift; path = UserRegistration.swift; sourceTree = "<group>"; };
		E2F516E42B518E1300D0BE86 /* UserProfile.swift */ = {isa = PBXFileReference; lastKnownFileType = sourcecode.swift; path = UserProfile.swift; sourceTree = "<group>"; };
/* End PBXFileReference section */

/* Begin PBXFrameworksBuildPhase section */
		E2B5D63E2B048EF800801719 /* Frameworks */ = {
			isa = PBXFrameworksBuildPhase;
			buildActionMask = 2147483647;
			files = (
				378E058B2B4AE857002B0F0C /* ProgressHUD in Frameworks */,
				370ADEBB2B199F900090300E /* Kingfisher in Frameworks */,
				5707BA29305A54B9E83269DD /* Pods_Carsharing_Aggregator.framework in Frameworks */,
				370ADEB52B199F7F0090300E /* SnapKit in Frameworks */,
				370ADEB82B199F870090300E /* SwiftKeychainWrapper in Frameworks */,
			);
			runOnlyForDeploymentPostprocessing = 0;
		};
/* End PBXFrameworksBuildPhase section */

/* Begin PBXGroup section */
		32453BFC2B14D6EF003E7AA8 /* Map */ = {
			isa = PBXGroup;
			children = (
				3273FCE02B1F21C400C3C137 /* Model */,
				32453BFF2B14D720003E7AA8 /* Views */,
				32453BFD2B14D70F003E7AA8 /* Coordinators */,
				32453C002B14D725003E7AA8 /* ViewModels */,
			);
			path = Map;
			sourceTree = "<group>";
		};
		32453BFD2B14D70F003E7AA8 /* Coordinators */ = {
			isa = PBXGroup;
			children = (
				32453C0A2B153FCE003E7AA8 /* MapCoordinator.swift */,
			);
			path = Coordinators;
			sourceTree = "<group>";
		};
		32453BFF2B14D720003E7AA8 /* Views */ = {
			isa = PBXGroup;
			children = (
				3273FCDF2B1F216700C3C137 /* Components */,
				32453C032B14D7AD003E7AA8 /* MapViewController.swift */,
			);
			path = Views;
			sourceTree = "<group>";
		};
		32453C002B14D725003E7AA8 /* ViewModels */ = {
			isa = PBXGroup;
			children = (
				3273FCDD2B1E621100C3C137 /* MapViewModel.swift */,
			);
			path = ViewModels;
			sourceTree = "<group>";
		};
		3266F22E2B56AACB006F5C9E /* ReviewAndRaiting */ = {
			isa = PBXGroup;
			children = (
				3266F2322B56AB16006F5C9E /* ViewModel */,
				3266F2312B56AB0E006F5C9E /* Coordinator */,
				3266F2302B56AB05006F5C9E /* View */,
				3266F22F2B56AAFF006F5C9E /* Model */,
			);
			path = ReviewAndRaiting;
			sourceTree = "<group>";
		};
		3266F22F2B56AAFF006F5C9E /* Model */ = {
			isa = PBXGroup;
			children = (
			);
			path = Model;
			sourceTree = "<group>";
		};
		3266F2302B56AB05006F5C9E /* View */ = {
			isa = PBXGroup;
			children = (
				3266F2332B56AC4C006F5C9E /* ReviewAndRatingViewController.swift */,
			);
			path = View;
			sourceTree = "<group>";
		};
		3266F2312B56AB0E006F5C9E /* Coordinator */ = {
			isa = PBXGroup;
			children = (
				3266F2372B56B8EC006F5C9E /* ReviewAndRatingCordinator.swift */,
			);
			path = Coordinator;
			sourceTree = "<group>";
		};
		3266F2322B56AB16006F5C9E /* ViewModel */ = {
			isa = PBXGroup;
			children = (
				3266F2352B56B8A1006F5C9E /* ReviewAndRatingViewModel.swift */,
			);
			path = ViewModel;
			sourceTree = "<group>";
		};
		3273FCDF2B1F216700C3C137 /* Components */ = {
			isa = PBXGroup;
			children = (
				32453C012B14D764003E7AA8 /* BaseMapView.swift */,
				32453C062B152AAA003E7AA8 /* TabBarView.swift */,
				328BD1342B25BCBB00F3AB80 /* MapButtonView.swift */,
				328BD1362B25EF4500F3AB80 /* TabButtonView.swift */,
				322D34542B31745B00D4D1AE /* SelectedFilterCollectionViewCell.swift */,
			);
			path = Components;
			sourceTree = "<group>";
		};
		3273FCE02B1F21C400C3C137 /* Model */ = {
			isa = PBXGroup;
			children = (
				32857E8C2B1F41A8003AE9AC /* GeometryProvider.swift */,
				61FDC7562B4E897200E14EDA /* FiltersRequest.swift */,
			);
			path = Model;
			sourceTree = "<group>";
		};
		328BD0F72B23256A00F3AB80 /* Filters */ = {
			isa = PBXGroup;
			children = (
				328BD1052B2336AF00F3AB80 /* Model */,
				328BD1002B2335B400F3AB80 /* FiltersViewModel */,
				328BD0FF2B23355200F3AB80 /* Coordinators */,
				328BD0F82B23257A00F3AB80 /* Views */,
			);
			path = Filters;
			sourceTree = "<group>";
		};
		328BD0F82B23257A00F3AB80 /* Views */ = {
			isa = PBXGroup;
			children = (
				328BD0FB2B2334C100F3AB80 /* FiltersViewController.swift */,
				328BD1062B23472D00F3AB80 /* FiltersSupplementaryView.swift */,
				328BD0F92B2334A600F3AB80 /* FilterCollectionViewCell.swift */,
				328BD1302B249BBD00F3AB80 /* RatingCollectionViewCell.swift */,
			);
			path = Views;
			sourceTree = "<group>";
		};
		328BD0FF2B23355200F3AB80 /* Coordinators */ = {
			isa = PBXGroup;
			children = (
				328BD0FD2B23353E00F3AB80 /* FiltersCoordinator.swift */,
			);
			path = Coordinators;
			sourceTree = "<group>";
		};
		328BD1002B2335B400F3AB80 /* FiltersViewModel */ = {
			isa = PBXGroup;
			children = (
				328BD1012B2335C900F3AB80 /* FiltersViewModel.swift */,
			);
			path = FiltersViewModel;
			sourceTree = "<group>";
		};
		328BD1052B2336AF00F3AB80 /* Model */ = {
			isa = PBXGroup;
			children = (
				328BD1032B2336A700F3AB80 /* ListSection.swift */,
				328BD12C2B2490D000F3AB80 /* ListItem.swift */,
				328BD12E2B2492D800F3AB80 /* MockData.swift */,
			);
			path = Model;
			sourceTree = "<group>";
		};
		370ADE7D2B199A3E0090300E /* Auth */ = {
			isa = PBXGroup;
			children = (
				370ADE812B199A7B0090300E /* AuthCoordinator.swift */,
				37842A462B36D8CA00FA7150 /* EnterViewModel.swift */,
				37842A422B36D78700FA7150 /* EnterViewController.swift */,
				370ADE7F2B199A5C0090300E /* Registration */,
				370ADE7E2B199A530090300E /* Login */,
			);
			path = Auth;
			sourceTree = "<group>";
		};
		370ADE7E2B199A530090300E /* Login */ = {
			isa = PBXGroup;
			children = (
				370ADE932B199B5E0090300E /* Coordinator */,
				370ADE922B199B570090300E /* Model */,
				370ADE912B199B4F0090300E /* View */,
				370ADE902B199B430090300E /* ViewModel */,
			);
			path = Login;
			sourceTree = "<group>";
		};
		370ADE7F2B199A5C0090300E /* Registration */ = {
			isa = PBXGroup;
			children = (
				370ADE862B199AA90090300E /* Coordinator */,
				370ADE852B199AA20090300E /* ViewModel */,
				370ADE842B199A9C0090300E /* View */,
				370ADE832B199A920090300E /* Model */,
			);
			path = Registration;
			sourceTree = "<group>";
		};
		370ADE832B199A920090300E /* Model */ = {
			isa = PBXGroup;
			children = (
				370ADE8E2B199B200090300E /* RegistrationModel.swift */,
			);
			path = Model;
			sourceTree = "<group>";
		};
		370ADE842B199A9C0090300E /* View */ = {
			isa = PBXGroup;
			children = (
				370ADE872B199AD20090300E /* RegistrationView.swift */,
			);
			path = View;
			sourceTree = "<group>";
		};
		370ADE852B199AA20090300E /* ViewModel */ = {
			isa = PBXGroup;
			children = (
				370ADE892B199AE50090300E /* RegistrationViewModel.swift */,
			);
			path = ViewModel;
			sourceTree = "<group>";
		};
		370ADE862B199AA90090300E /* Coordinator */ = {
			isa = PBXGroup;
			children = (
				370ADE8B2B199AF20090300E /* RegistrationCoordinator.swift */,
			);
			path = Coordinator;
			sourceTree = "<group>";
		};
		370ADE902B199B430090300E /* ViewModel */ = {
			isa = PBXGroup;
			children = (
				370ADE982B199B8D0090300E /* LoginViewModel.swift */,
			);
			path = ViewModel;
			sourceTree = "<group>";
		};
		370ADE912B199B4F0090300E /* View */ = {
			isa = PBXGroup;
			children = (
				370ADE962B199B810090300E /* LoginView.swift */,
			);
			path = View;
			sourceTree = "<group>";
		};
		370ADE922B199B570090300E /* Model */ = {
			isa = PBXGroup;
			children = (
				370ADE9A2B199B9C0090300E /* LoginModel.swift */,
			);
			path = Model;
			sourceTree = "<group>";
		};
		370ADE932B199B5E0090300E /* Coordinator */ = {
			isa = PBXGroup;
			children = (
				370ADE942B199B740090300E /* LoginCoordinator.swift */,
			);
			path = Coordinator;
			sourceTree = "<group>";
		};
		37A1A2492B149B1B002C26DA /* Application */ = {
			isa = PBXGroup;
			children = (
				E2F06ACC2B273BB600E088DE /* NetworkClient */,
				370ADE7D2B199A3E0090300E /* Auth */,
				E221FFD82B14C0AF002A5268 /* Protocols */,
				E2B5D64F2B048EF900801719 /* LaunchScreen.storyboard */,
				E2B5D6442B048EF800801719 /* AppDelegate.swift */,
				E2B5D6462B048EF800801719 /* SceneDelegate.swift */,
				E221FFD42B14BD82002A5268 /* RootCoordinator.swift */,
			);
			path = Application;
			sourceTree = "<group>";
		};
		37B6F3F42B1688E9001F9D55 /* Models */ = {
			isa = PBXGroup;
			children = (
				37B6F3F52B1688F8001F9D55 /* UserModel.swift */,
				37B6F3F92B1689F5001F9D55 /* CarModel.swift */,
				E2F06AD52B274B7A00E088DE /* UserRegistration.swift */,
				C44247892B529EAD00F215C6 /* ProfileMenu.swift */,
			);
			path = Models;
			sourceTree = "<group>";
		};
		6166DC5C2B299B7C003E57FB /* SelectedCarFlow */ = {
			isa = PBXGroup;
			children = (
				6166DC5F2B29F9A0003E57FB /* View */,
				6166DC602B29FA43003E57FB /* ViewModel */,
				6166DC612B29FA66003E57FB /* Coordinator */,
			);
			path = SelectedCarFlow;
			sourceTree = "<group>";
		};
		6166DC5F2B29F9A0003E57FB /* View */ = {
			isa = PBXGroup;
			children = (
				6166DC5D2B299B9D003E57FB /* SelectedCarViewController.swift */,
				611F12802B2B8ABC009D27CC /* SelectedCarCell.swift */,
				611F12822B2B8CEE009D27CC /* SelectedCarRatingCell.swift */,
			);
			path = View;
			sourceTree = "<group>";
		};
		6166DC602B29FA43003E57FB /* ViewModel */ = {
			isa = PBXGroup;
			children = (
				6166DC622B29FA96003E57FB /* SelectedCarViewModel.swift */,
			);
			path = ViewModel;
			sourceTree = "<group>";
		};
		6166DC612B29FA66003E57FB /* Coordinator */ = {
			isa = PBXGroup;
			children = (
				6166DC642B29FAF4003E57FB /* SelectedCarCoordinator.swift */,
			);
			path = Coordinator;
			sourceTree = "<group>";
		};
		62E768AB367BD5B6FBF1FD35 /* Pods */ = {
			isa = PBXGroup;
			children = (
				20052997AFA8816DFF0028E6 /* Pods-Carsharing Aggregator.debug.xcconfig */,
				D79BB145181DD45B389A2114 /* Pods-Carsharing Aggregator.release.xcconfig */,
			);
			path = Pods;
			sourceTree = "<group>";
		};
		638B10F2C136D2E435874579 /* Frameworks */ = {
			isa = PBXGroup;
			children = (
				8011ECC10AB3FD263BD97C5F /* Pods_Carsharing_Aggregator.framework */,
			);
			name = Frameworks;
			sourceTree = "<group>";
		};
		C40379202B2624DA008F22F8 /* SearchCarFlow */ = {
			isa = PBXGroup;
			children = (
				C40379232B262541008F22F8 /* Coordinators */,
				C494CD062B458E150007CCA9 /* SearchCarScreen */,
				C494CD072B458F080007CCA9 /* CarModelScreen */,
			);
			path = SearchCarFlow;
			sourceTree = "<group>";
		};
		C40379212B2624FB008F22F8 /* ViewModel */ = {
			isa = PBXGroup;
			children = (
				C40379262B262579008F22F8 /* SearchCarViewModel.swift */,
			);
			path = ViewModel;
			sourceTree = "<group>";
		};
		C40379222B26250C008F22F8 /* View */ = {
			isa = PBXGroup;
			children = (
				C40379242B262567008F22F8 /* SearchCarViewController.swift */,
				C403792A2B262B47008F22F8 /* CarCell.swift */,
			);
			name = View;
			path = ../View;
			sourceTree = "<group>";
		};
		C40379232B262541008F22F8 /* Coordinators */ = {
			isa = PBXGroup;
			children = (
				C40379282B262590008F22F8 /* SearchCarCoordinator.swift */,
			);
			path = Coordinators;
			sourceTree = "<group>";
		};
		C40379302B270F2B008F22F8 /* Helpers */ = {
			isa = PBXGroup;
			children = (
				C40379312B270F7D008F22F8 /* Observable.swift */,
			);
			path = Helpers;
			sourceTree = "<group>";
		};
		C462D8F62B1633950060287C /* ProfileFlow */ = {
			isa = PBXGroup;
			children = (
				E2F516E32B518DFD00D0BE86 /* Model */,
				C462D8FF2B166BCC0060287C /* ViewModel */,
				C462D8FE2B166BBD0060287C /* View */,
				C462D8FD2B166BA90060287C /* Coordinator */,
			);
			path = ProfileFlow;
			sourceTree = "<group>";
		};
		C462D8FD2B166BA90060287C /* Coordinator */ = {
			isa = PBXGroup;
			children = (
				C462D8FB2B1634580060287C /* ProfileCoordinator.swift */,
			);
			path = Coordinator;
			sourceTree = "<group>";
		};
		C462D8FE2B166BBD0060287C /* View */ = {
			isa = PBXGroup;
			children = (
				C462D8F72B1633B70060287C /* ProfileViewController.swift */,
				C41ECEB32B4F2C1F00D149E5 /* ProfileMenuCell.swift */,
			);
			path = View;
			sourceTree = "<group>";
		};
		C462D8FF2B166BCC0060287C /* ViewModel */ = {
			isa = PBXGroup;
			children = (
				C462D8F92B1633CB0060287C /* ProfileViewModel.swift */,
			);
			path = ViewModel;
			sourceTree = "<group>";
		};
		C494CD062B458E150007CCA9 /* SearchCarScreen */ = {
			isa = PBXGroup;
			children = (
				C40379212B2624FB008F22F8 /* ViewModel */,
				C40379222B26250C008F22F8 /* View */,
			);
			path = SearchCarScreen;
			sourceTree = "<group>";
		};
		C494CD072B458F080007CCA9 /* CarModelScreen */ = {
			isa = PBXGroup;
			children = (
				C494CD082B458F210007CCA9 /* View */,
			);
			path = CarModelScreen;
			sourceTree = "<group>";
		};
		C494CD082B458F210007CCA9 /* View */ = {
			isa = PBXGroup;
			children = (
				C4A3F8552B28E72000B62BB3 /* CarModelViewController.swift */,
				C4A3F8582B29131400B62BB3 /* TransitionToCarSharingButton.swift */,
				C494CD092B4C1F160007CCA9 /* CarTypeView.swift */,
			);
			path = View;
			sourceTree = "<group>";
		};
		C4C9B25B2B1378CF00399C79 /* Extensions */ = {
			isa = PBXGroup;
			children = (
				32F44C0D2B299E1B00D11FD7 /* UIColor+Ext.swift */,
				C4C9B25C2B1378FB00399C79 /* UIImage+Ext.swift */,
				37A1A23E2B149A02002C26DA /* UINavigationCotroller+Ext.swift */,
				37A1A2402B149A08002C26DA /* ParentCoordinator+Ext.swift */,
				370ADEAF2B199CD80090300E /* String+Ext.swift */,
				37A1A2422B149A0D002C26DA /* Coordinator+Ext.swift */,
				370ADEB12B199CE60090300E /* UITextField+Ext.swift */,
				32453C082B152BAF003E7AA8 /* UIView+Ext.swift */,
				C403792E2B263C32008F22F8 /* UICollectionView+ReuseIdentifier+Ext.swift */,
				37842A402B36D23100FA7150 /* UILabel+Ext.swift */,
				37842A442B36D7A300FA7150 /* UIButton+Ext.swift */,
				378E058E2B4BF3ED002B0F0C /* UIProgressHUD.swift */,
			);
			path = Extensions;
			sourceTree = "<group>";
		};
		E221FFCD2B14BC0F002A5268 /* Onboarding */ = {
			isa = PBXGroup;
			children = (
				E221FFD12B14BC3E002A5268 /* Coordinators */,
				E221FFCE2B14BC20002A5268 /* View */,
				E221FFCF2B14BC29002A5268 /* ViewModels */,
				E221FFD02B14BC38002A5268 /* Model */,
			);
			path = Onboarding;
			sourceTree = "<group>";
		};
		E221FFCE2B14BC20002A5268 /* View */ = {
			isa = PBXGroup;
			children = (
				E221FFD62B14BEAB002A5268 /* FirstOnboardingViewController.swift */,
				E221FFFD2B18DD30002A5268 /* SecondOnboardingViewController.swift */,
			);
			path = View;
			sourceTree = "<group>";
		};
		E221FFCF2B14BC29002A5268 /* ViewModels */ = {
			isa = PBXGroup;
			children = (
				E221FFDB2B14C254002A5268 /* FirstOnboardingViewModel.swift */,
				E221FFFF2B18E26A002A5268 /* SecondOnboardingViewModel.swift */,
			);
			path = ViewModels;
			sourceTree = "<group>";
		};
		E221FFD02B14BC38002A5268 /* Model */ = {
			isa = PBXGroup;
			children = (
				E221FFD92B14C19A002A5268 /* ViewModel.swift */,
			);
			path = Model;
			sourceTree = "<group>";
		};
		E221FFD12B14BC3E002A5268 /* Coordinators */ = {
			isa = PBXGroup;
			children = (
				E221FFD22B14BCEC002A5268 /* OnboardingCoordinator.swift */,
			);
			path = Coordinators;
			sourceTree = "<group>";
		};
		E221FFD82B14C0AF002A5268 /* Protocols */ = {
			isa = PBXGroup;
			children = (
				37A1A24E2B149B1B002C26DA /* AppCoordinators.swift */,
			);
			path = Protocols;
			sourceTree = "<group>";
		};
		E2B5D6382B048EF800801719 = {
			isa = PBXGroup;
			children = (
				E2B5D6432B048EF800801719 /* Carsharing Aggregator */,
				E2B5D6422B048EF800801719 /* Products */,
				62E768AB367BD5B6FBF1FD35 /* Pods */,
				638B10F2C136D2E435874579 /* Frameworks */,
			);
			sourceTree = "<group>";
		};
		E2B5D6422B048EF800801719 /* Products */ = {
			isa = PBXGroup;
			children = (
				E2B5D6412B048EF800801719 /* Carsharing Aggregator.app */,
			);
			name = Products;
			sourceTree = "<group>";
		};
		E2B5D6432B048EF800801719 /* Carsharing Aggregator */ = {
			isa = PBXGroup;
			children = (
				37A1A2492B149B1B002C26DA /* Application */,
				328BD0F72B23256A00F3AB80 /* Filters */,
				C40379202B2624DA008F22F8 /* SearchCarFlow */,
				E2F06AC92B25DC9500E088DE /* Services */,
				C462D8F62B1633950060287C /* ProfileFlow */,
				3266F22E2B56AACB006F5C9E /* ReviewAndRaiting */,
				6166DC5C2B299B7C003E57FB /* SelectedCarFlow */,
				32453BFC2B14D6EF003E7AA8 /* Map */,
				37B6F3F42B1688E9001F9D55 /* Models */,
				E221FFCD2B14BC0F002A5268 /* Onboarding */,
				C4C9B25B2B1378CF00399C79 /* Extensions */,
				C40379302B270F2B008F22F8 /* Helpers */,
				E2B5D64D2B048EF900801719 /* Assets.xcassets */,
				E2B5D6522B048EF900801719 /* Info.plist */,
			);
			path = "Carsharing Aggregator";
			sourceTree = "<group>";
		};
		E2F06AC92B25DC9500E088DE /* Services */ = {
			isa = PBXGroup;
			children = (
				E2F06ACA2B25DCB700E088DE /* CarsService.swift */,
				E2F06AD32B274B4700E088DE /* UserService.swift */,
				61BF07B22B3329C8004E375E /* AddressService.swift */,
				616BDE442B33807A000DEE66 /* RouteService.swift */,
				E208D7FE2B501E9700803CB9 /* TokenStorage.swift */,
				32B08EB62B555E120085E8FF /* Сonstants.swift */,
			);
			path = Services;
			sourceTree = "<group>";
		};
		E2F06ACC2B273BB600E088DE /* NetworkClient */ = {
			isa = PBXGroup;
			children = (
				E2F06ACD2B273BD500E088DE /* NetwrokRequest.swift */,
				E2F06ACF2B273CF600E088DE /* NetworkClient.swift */,
				E2F06AD12B273DB000E088DE /* NetworkTask.swift */,
			);
			path = NetworkClient;
			sourceTree = "<group>";
		};
		E2F516E32B518DFD00D0BE86 /* Model */ = {
			isa = PBXGroup;
			children = (
				E2F516E42B518E1300D0BE86 /* UserProfile.swift */,
			);
			path = Model;
			sourceTree = "<group>";
		};
/* End PBXGroup section */

/* Begin PBXNativeTarget section */
		E2B5D6402B048EF800801719 /* Carsharing Aggregator */ = {
			isa = PBXNativeTarget;
			buildConfigurationList = E2B5D6552B048EF900801719 /* Build configuration list for PBXNativeTarget "Carsharing Aggregator" */;
			buildPhases = (
				F2835E6D2687E4AA0D92DC00 /* [CP] Check Pods Manifest.lock */,
				E2B5D63D2B048EF800801719 /* Sources */,
				E2B5D63E2B048EF800801719 /* Frameworks */,
				E2B5D63F2B048EF800801719 /* Resources */,
				C3EAD451D4B9D733F773AD88 /* [CP] Copy Pods Resources */,
				32453C052B15299A003E7AA8 /* Run Script */,
			);
			buildRules = (
			);
			dependencies = (
				E2B5D6712B04E89C00801719 /* PBXTargetDependency */,
			);
			name = "Carsharing Aggregator";
			packageProductDependencies = (
				370ADEB42B199F7F0090300E /* SnapKit */,
				370ADEB72B199F870090300E /* SwiftKeychainWrapper */,
				370ADEBA2B199F900090300E /* Kingfisher */,
				378E058A2B4AE857002B0F0C /* ProgressHUD */,
			);
			productName = "Carsharing Aggregator";
			productReference = E2B5D6412B048EF800801719 /* Carsharing Aggregator.app */;
			productType = "com.apple.product-type.application";
		};
/* End PBXNativeTarget section */

/* Begin PBXProject section */
		E2B5D6392B048EF800801719 /* Project object */ = {
			isa = PBXProject;
			attributes = {
				BuildIndependentTargetsInParallel = 1;
				LastSwiftUpdateCheck = 1500;
				LastUpgradeCheck = 1500;
				TargetAttributes = {
					E2B5D6402B048EF800801719 = {
						CreatedOnToolsVersion = 15.0;
					};
				};
			};
			buildConfigurationList = E2B5D63C2B048EF800801719 /* Build configuration list for PBXProject "Carsharing Aggregator" */;
			compatibilityVersion = "Xcode 14.0";
			developmentRegion = en;
			hasScannedForEncodings = 0;
			knownRegions = (
				en,
				Base,
			);
			mainGroup = E2B5D6382B048EF800801719;
			packageReferences = (
				370ADEB32B199F7F0090300E /* XCRemoteSwiftPackageReference "SnapKit" */,
				370ADEB62B199F870090300E /* XCRemoteSwiftPackageReference "SwiftKeychainWrapper" */,
				370ADEB92B199F900090300E /* XCRemoteSwiftPackageReference "Kingfisher" */,
				378E05892B4AE857002B0F0C /* XCRemoteSwiftPackageReference "ProgressHUD" */,
			);
			productRefGroup = E2B5D6422B048EF800801719 /* Products */;
			projectDirPath = "";
			projectRoot = "";
			targets = (
				E2B5D6402B048EF800801719 /* Carsharing Aggregator */,
			);
		};
/* End PBXProject section */

/* Begin PBXResourcesBuildPhase section */
		E2B5D63F2B048EF800801719 /* Resources */ = {
			isa = PBXResourcesBuildPhase;
			buildActionMask = 2147483647;
			files = (
				E2B5D6512B048EF900801719 /* LaunchScreen.storyboard in Resources */,
				E2B5D64E2B048EF900801719 /* Assets.xcassets in Resources */,
			);
			runOnlyForDeploymentPostprocessing = 0;
		};
/* End PBXResourcesBuildPhase section */

/* Begin PBXShellScriptBuildPhase section */
		32453C052B15299A003E7AA8 /* Run Script */ = {
			isa = PBXShellScriptBuildPhase;
			buildActionMask = 12;
			files = (
			);
			inputFileListPaths = (
			);
			inputPaths = (
			);
			name = "Run Script";
			outputFileListPaths = (
			);
			outputPaths = (
			);
			runOnlyForDeploymentPostprocessing = 0;
			shellPath = /bin/sh;
			shellScript = "if [[ \"$(uname -m)\" == arm64 ]]; then\n    export PATH=\"/opt/homebrew/bin:$PATH\"\nfi\n\nif which swiftlint > /dev/null; then\n  swiftlint\nelse\n  echo \"warning: SwiftLint not installed, download from https://github.com/realm/SwiftLint\"\nfi\n";
		};
		C3EAD451D4B9D733F773AD88 /* [CP] Copy Pods Resources */ = {
			isa = PBXShellScriptBuildPhase;
			buildActionMask = 2147483647;
			files = (
			);
			inputFileListPaths = (
				"${PODS_ROOT}/Target Support Files/Pods-Carsharing Aggregator/Pods-Carsharing Aggregator-resources-${CONFIGURATION}-input-files.xcfilelist",
			);
			name = "[CP] Copy Pods Resources";
			outputFileListPaths = (
				"${PODS_ROOT}/Target Support Files/Pods-Carsharing Aggregator/Pods-Carsharing Aggregator-resources-${CONFIGURATION}-output-files.xcfilelist",
			);
			runOnlyForDeploymentPostprocessing = 0;
			shellPath = /bin/sh;
			shellScript = "\"${PODS_ROOT}/Target Support Files/Pods-Carsharing Aggregator/Pods-Carsharing Aggregator-resources.sh\"\n";
			showEnvVarsInLog = 0;
		};
		F2835E6D2687E4AA0D92DC00 /* [CP] Check Pods Manifest.lock */ = {
			isa = PBXShellScriptBuildPhase;
			buildActionMask = 2147483647;
			files = (
			);
			inputFileListPaths = (
			);
			inputPaths = (
				"${PODS_PODFILE_DIR_PATH}/Podfile.lock",
				"${PODS_ROOT}/Manifest.lock",
			);
			name = "[CP] Check Pods Manifest.lock";
			outputFileListPaths = (
			);
			outputPaths = (
				"$(DERIVED_FILE_DIR)/Pods-Carsharing Aggregator-checkManifestLockResult.txt",
			);
			runOnlyForDeploymentPostprocessing = 0;
			shellPath = /bin/sh;
			shellScript = "diff \"${PODS_PODFILE_DIR_PATH}/Podfile.lock\" \"${PODS_ROOT}/Manifest.lock\" > /dev/null\nif [ $? != 0 ] ; then\n    # print error to STDERR\n    echo \"error: The sandbox is not in sync with the Podfile.lock. Run 'pod install' or update your CocoaPods installation.\" >&2\n    exit 1\nfi\n# This output is used by Xcode 'outputs' to avoid re-running this script phase.\necho \"SUCCESS\" > \"${SCRIPT_OUTPUT_FILE_0}\"\n";
			showEnvVarsInLog = 0;
		};
/* End PBXShellScriptBuildPhase section */

/* Begin PBXSourcesBuildPhase section */
		E2B5D63D2B048EF800801719 /* Sources */ = {
			isa = PBXSourcesBuildPhase;
			buildActionMask = 2147483647;
			files = (
				328BD1352B25BCBB00F3AB80 /* MapButtonView.swift in Sources */,
				E2F06AD02B273CF600E088DE /* NetworkClient.swift in Sources */,
				C4A3F8592B29131400B62BB3 /* TransitionToCarSharingButton.swift in Sources */,
				37A1A23F2B149A02002C26DA /* UINavigationCotroller+Ext.swift in Sources */,
				37B6F3F62B1688F8001F9D55 /* UserModel.swift in Sources */,
				C494CD0A2B4C1F160007CCA9 /* CarTypeView.swift in Sources */,
				E221FFD32B14BCEC002A5268 /* OnboardingCoordinator.swift in Sources */,
				C40379292B262590008F22F8 /* SearchCarCoordinator.swift in Sources */,
				C442478A2B529EAD00F215C6 /* ProfileMenu.swift in Sources */,
				370ADE8A2B199AE50090300E /* RegistrationViewModel.swift in Sources */,
				E2F06ACB2B25DCB700E088DE /* CarsService.swift in Sources */,
				E221FFD72B14BEAB002A5268 /* FirstOnboardingViewController.swift in Sources */,
				C40379252B262567008F22F8 /* SearchCarViewController.swift in Sources */,
				37842A412B36D23100FA7150 /* UILabel+Ext.swift in Sources */,
				370ADE8F2B199B200090300E /* RegistrationModel.swift in Sources */,
				37842A452B36D7A300FA7150 /* UIButton+Ext.swift in Sources */,
				328BD0FA2B2334A600F3AB80 /* FilterCollectionViewCell.swift in Sources */,
				32B08EB72B555E120085E8FF /* Сonstants.swift in Sources */,
				E2F06AD62B274B7A00E088DE /* UserRegistration.swift in Sources */,
				328BD12F2B2492D800F3AB80 /* MockData.swift in Sources */,
				378E058F2B4BF3ED002B0F0C /* UIProgressHUD.swift in Sources */,
				E221FFDA2B14C19A002A5268 /* ViewModel.swift in Sources */,
				37A1A2432B149A0D002C26DA /* Coordinator+Ext.swift in Sources */,
				32453C0B2B153FCE003E7AA8 /* MapCoordinator.swift in Sources */,
				370ADE992B199B8D0090300E /* LoginViewModel.swift in Sources */,
				328BD1372B25EF4500F3AB80 /* TabButtonView.swift in Sources */,
				32F44C0E2B299E1B00D11FD7 /* UIColor+Ext.swift in Sources */,
				37A1A24F2B149B1B002C26DA /* AppCoordinators.swift in Sources */,
				C462D8FA2B1633CB0060287C /* ProfileViewModel.swift in Sources */,
				E2F06ACE2B273BD500E088DE /* NetwrokRequest.swift in Sources */,
				616BDE452B33807A000DEE66 /* RouteService.swift in Sources */,
				32453C092B152BAF003E7AA8 /* UIView+Ext.swift in Sources */,
				E22100002B18E26A002A5268 /* SecondOnboardingViewModel.swift in Sources */,
				6166DC5E2B299B9D003E57FB /* SelectedCarViewController.swift in Sources */,
				E2F516E52B518E1300D0BE86 /* UserProfile.swift in Sources */,
				370ADE9B2B199B9C0090300E /* LoginModel.swift in Sources */,
				370ADE952B199B740090300E /* LoginCoordinator.swift in Sources */,
				328BD1312B249BBD00F3AB80 /* RatingCollectionViewCell.swift in Sources */,
				E2B5D6452B048EF800801719 /* AppDelegate.swift in Sources */,
				328BD1042B2336A700F3AB80 /* ListSection.swift in Sources */,
				328BD0FE2B23353E00F3AB80 /* FiltersCoordinator.swift in Sources */,
				E2F06AD22B273DB000E088DE /* NetworkTask.swift in Sources */,
				37B6F3FA2B1689F5001F9D55 /* CarModel.swift in Sources */,
				322D34552B31745B00D4D1AE /* SelectedFilterCollectionViewCell.swift in Sources */,
				E221FFFE2B18DD30002A5268 /* SecondOnboardingViewController.swift in Sources */,
				611F12832B2B8CEE009D27CC /* SelectedCarRatingCell.swift in Sources */,
				6166DC652B29FAF4003E57FB /* SelectedCarCoordinator.swift in Sources */,
				E221FFDC2B14C254002A5268 /* FirstOnboardingViewModel.swift in Sources */,
				370ADE822B199A7B0090300E /* AuthCoordinator.swift in Sources */,
				E208D7FF2B501E9700803CB9 /* TokenStorage.swift in Sources */,
				32857E8D2B1F41A8003AE9AC /* GeometryProvider.swift in Sources */,
				3273FCDE2B1E621100C3C137 /* MapViewModel.swift in Sources */,
				32453C022B14D764003E7AA8 /* BaseMapView.swift in Sources */,
				370ADE972B199B810090300E /* LoginView.swift in Sources */,
				370ADE882B199AD20090300E /* RegistrationView.swift in Sources */,
				6166DC632B29FA96003E57FB /* SelectedCarViewModel.swift in Sources */,
				328BD1022B2335C900F3AB80 /* FiltersViewModel.swift in Sources */,
				3266F2342B56AC4C006F5C9E /* ReviewAndRatingViewController.swift in Sources */,
				328BD12D2B2490D000F3AB80 /* ListItem.swift in Sources */,
				3266F2362B56B8A1006F5C9E /* ReviewAndRatingViewModel.swift in Sources */,
				E2F06AD42B274B4700E088DE /* UserService.swift in Sources */,
				C40379272B262579008F22F8 /* SearchCarViewModel.swift in Sources */,
				37842A432B36D78700FA7150 /* EnterViewController.swift in Sources */,
				E2B5D6472B048EF800801719 /* SceneDelegate.swift in Sources */,
				E221FFD52B14BD82002A5268 /* RootCoordinator.swift in Sources */,
				C41ECEB42B4F2C1F00D149E5 /* ProfileMenuCell.swift in Sources */,
				61BF07B32B3329C8004E375E /* AddressService.swift in Sources */,
				370ADE8C2B199AF20090300E /* RegistrationCoordinator.swift in Sources */,
				3266F2382B56B8EC006F5C9E /* ReviewAndRatingCordinator.swift in Sources */,
				370ADEB22B199CE60090300E /* UITextField+Ext.swift in Sources */,
				C403792F2B263C32008F22F8 /* UICollectionView+ReuseIdentifier+Ext.swift in Sources */,
				C403792B2B262B47008F22F8 /* CarCell.swift in Sources */,
				C462D8F82B1633B70060287C /* ProfileViewController.swift in Sources */,
				C4A3F8562B28E72000B62BB3 /* CarModelViewController.swift in Sources */,
				C4A3F8562B28E72000B62BB3 /* CarModelViewController.swift in Sources */,
				37A1A2412B149A08002C26DA /* ParentCoordinator+Ext.swift in Sources */,
				C462D8FC2B1634580060287C /* ProfileCoordinator.swift in Sources */,
				C40379322B270F7D008F22F8 /* Observable.swift in Sources */,
				611F12812B2B8ABC009D27CC /* SelectedCarCell.swift in Sources */,
				37842A472B36D8CA00FA7150 /* EnterViewModel.swift in Sources */,
				C4C9B25D2B1378FB00399C79 /* UIImage+Ext.swift in Sources */,
				328BD1072B23472D00F3AB80 /* FiltersSupplementaryView.swift in Sources */,
				32453C072B152AAA003E7AA8 /* TabBarView.swift in Sources */,
				32453C042B14D7AD003E7AA8 /* MapViewController.swift in Sources */,
				328BD0FC2B2334C100F3AB80 /* FiltersViewController.swift in Sources */,
				370ADEB02B199CD80090300E /* String+Ext.swift in Sources */,
				61FDC7572B4E897200E14EDA /* FiltersRequest.swift in Sources */,
			);
			runOnlyForDeploymentPostprocessing = 0;
		};
/* End PBXSourcesBuildPhase section */

/* Begin PBXTargetDependency section */
		E2B5D6712B04E89C00801719 /* PBXTargetDependency */ = {
			isa = PBXTargetDependency;
			productRef = E2B5D6702B04E89C00801719 /* SwiftLintPlugin */;
		};
/* End PBXTargetDependency section */

/* Begin PBXVariantGroup section */
		E2B5D64F2B048EF900801719 /* LaunchScreen.storyboard */ = {
			isa = PBXVariantGroup;
			children = (
				E2B5D6502B048EF900801719 /* Base */,
			);
			name = LaunchScreen.storyboard;
			sourceTree = "<group>";
		};
/* End PBXVariantGroup section */

/* Begin XCBuildConfiguration section */
		E2B5D6532B048EF900801719 /* Debug */ = {
			isa = XCBuildConfiguration;
			buildSettings = {
				ALWAYS_SEARCH_USER_PATHS = NO;
				ASSETCATALOG_COMPILER_GENERATE_SWIFT_ASSET_SYMBOL_EXTENSIONS = YES;
				CLANG_ANALYZER_NONNULL = YES;
				CLANG_ANALYZER_NUMBER_OBJECT_CONVERSION = YES_AGGRESSIVE;
				CLANG_CXX_LANGUAGE_STANDARD = "gnu++20";
				CLANG_ENABLE_MODULES = YES;
				CLANG_ENABLE_OBJC_ARC = YES;
				CLANG_ENABLE_OBJC_WEAK = YES;
				CLANG_WARN_BLOCK_CAPTURE_AUTORELEASING = YES;
				CLANG_WARN_BOOL_CONVERSION = YES;
				CLANG_WARN_COMMA = YES;
				CLANG_WARN_CONSTANT_CONVERSION = YES;
				CLANG_WARN_DEPRECATED_OBJC_IMPLEMENTATIONS = YES;
				CLANG_WARN_DIRECT_OBJC_ISA_USAGE = YES_ERROR;
				CLANG_WARN_DOCUMENTATION_COMMENTS = YES;
				CLANG_WARN_EMPTY_BODY = YES;
				CLANG_WARN_ENUM_CONVERSION = YES;
				CLANG_WARN_INFINITE_RECURSION = YES;
				CLANG_WARN_INT_CONVERSION = YES;
				CLANG_WARN_NON_LITERAL_NULL_CONVERSION = YES;
				CLANG_WARN_OBJC_IMPLICIT_RETAIN_SELF = YES;
				CLANG_WARN_OBJC_LITERAL_CONVERSION = YES;
				CLANG_WARN_OBJC_ROOT_CLASS = YES_ERROR;
				CLANG_WARN_QUOTED_INCLUDE_IN_FRAMEWORK_HEADER = YES;
				CLANG_WARN_RANGE_LOOP_ANALYSIS = YES;
				CLANG_WARN_STRICT_PROTOTYPES = YES;
				CLANG_WARN_SUSPICIOUS_MOVE = YES;
				CLANG_WARN_UNGUARDED_AVAILABILITY = YES_AGGRESSIVE;
				CLANG_WARN_UNREACHABLE_CODE = YES;
				CLANG_WARN__DUPLICATE_METHOD_MATCH = YES;
				COPY_PHASE_STRIP = NO;
				DEBUG_INFORMATION_FORMAT = dwarf;
				ENABLE_STRICT_OBJC_MSGSEND = YES;
				ENABLE_TESTABILITY = YES;
				ENABLE_USER_SCRIPT_SANDBOXING = NO;
				GCC_C_LANGUAGE_STANDARD = gnu17;
				GCC_DYNAMIC_NO_PIC = NO;
				GCC_NO_COMMON_BLOCKS = YES;
				GCC_OPTIMIZATION_LEVEL = 0;
				GCC_PREPROCESSOR_DEFINITIONS = (
					"DEBUG=1",
					"$(inherited)",
				);
				GCC_WARN_64_TO_32_BIT_CONVERSION = YES;
				GCC_WARN_ABOUT_RETURN_TYPE = YES_ERROR;
				GCC_WARN_UNDECLARED_SELECTOR = YES;
				GCC_WARN_UNINITIALIZED_AUTOS = YES_AGGRESSIVE;
				GCC_WARN_UNUSED_FUNCTION = YES;
				GCC_WARN_UNUSED_VARIABLE = YES;
				IPHONEOS_DEPLOYMENT_TARGET = 17.0;
				LOCALIZATION_PREFERS_STRING_CATALOGS = YES;
				MTL_ENABLE_DEBUG_INFO = INCLUDE_SOURCE;
				MTL_FAST_MATH = YES;
				ONLY_ACTIVE_ARCH = YES;
				SDKROOT = iphoneos;
				SWIFT_ACTIVE_COMPILATION_CONDITIONS = "DEBUG $(inherited)";
				SWIFT_OPTIMIZATION_LEVEL = "-Onone";
			};
			name = Debug;
		};
		E2B5D6542B048EF900801719 /* Release */ = {
			isa = XCBuildConfiguration;
			buildSettings = {
				ALWAYS_SEARCH_USER_PATHS = NO;
				ASSETCATALOG_COMPILER_GENERATE_SWIFT_ASSET_SYMBOL_EXTENSIONS = YES;
				CLANG_ANALYZER_NONNULL = YES;
				CLANG_ANALYZER_NUMBER_OBJECT_CONVERSION = YES_AGGRESSIVE;
				CLANG_CXX_LANGUAGE_STANDARD = "gnu++20";
				CLANG_ENABLE_MODULES = YES;
				CLANG_ENABLE_OBJC_ARC = YES;
				CLANG_ENABLE_OBJC_WEAK = YES;
				CLANG_WARN_BLOCK_CAPTURE_AUTORELEASING = YES;
				CLANG_WARN_BOOL_CONVERSION = YES;
				CLANG_WARN_COMMA = YES;
				CLANG_WARN_CONSTANT_CONVERSION = YES;
				CLANG_WARN_DEPRECATED_OBJC_IMPLEMENTATIONS = YES;
				CLANG_WARN_DIRECT_OBJC_ISA_USAGE = YES_ERROR;
				CLANG_WARN_DOCUMENTATION_COMMENTS = YES;
				CLANG_WARN_EMPTY_BODY = YES;
				CLANG_WARN_ENUM_CONVERSION = YES;
				CLANG_WARN_INFINITE_RECURSION = YES;
				CLANG_WARN_INT_CONVERSION = YES;
				CLANG_WARN_NON_LITERAL_NULL_CONVERSION = YES;
				CLANG_WARN_OBJC_IMPLICIT_RETAIN_SELF = YES;
				CLANG_WARN_OBJC_LITERAL_CONVERSION = YES;
				CLANG_WARN_OBJC_ROOT_CLASS = YES_ERROR;
				CLANG_WARN_QUOTED_INCLUDE_IN_FRAMEWORK_HEADER = YES;
				CLANG_WARN_RANGE_LOOP_ANALYSIS = YES;
				CLANG_WARN_STRICT_PROTOTYPES = YES;
				CLANG_WARN_SUSPICIOUS_MOVE = YES;
				CLANG_WARN_UNGUARDED_AVAILABILITY = YES_AGGRESSIVE;
				CLANG_WARN_UNREACHABLE_CODE = YES;
				CLANG_WARN__DUPLICATE_METHOD_MATCH = YES;
				COPY_PHASE_STRIP = NO;
				DEBUG_INFORMATION_FORMAT = "dwarf-with-dsym";
				ENABLE_NS_ASSERTIONS = NO;
				ENABLE_STRICT_OBJC_MSGSEND = YES;
				ENABLE_USER_SCRIPT_SANDBOXING = NO;
				GCC_C_LANGUAGE_STANDARD = gnu17;
				GCC_NO_COMMON_BLOCKS = YES;
				GCC_WARN_64_TO_32_BIT_CONVERSION = YES;
				GCC_WARN_ABOUT_RETURN_TYPE = YES_ERROR;
				GCC_WARN_UNDECLARED_SELECTOR = YES;
				GCC_WARN_UNINITIALIZED_AUTOS = YES_AGGRESSIVE;
				GCC_WARN_UNUSED_FUNCTION = YES;
				GCC_WARN_UNUSED_VARIABLE = YES;
				IPHONEOS_DEPLOYMENT_TARGET = 17.0;
				LOCALIZATION_PREFERS_STRING_CATALOGS = YES;
				MTL_ENABLE_DEBUG_INFO = NO;
				MTL_FAST_MATH = YES;
				SDKROOT = iphoneos;
				SWIFT_COMPILATION_MODE = wholemodule;
				VALIDATE_PRODUCT = YES;
			};
			name = Release;
		};
		E2B5D6562B048EF900801719 /* Debug */ = {
			isa = XCBuildConfiguration;
			baseConfigurationReference = 20052997AFA8816DFF0028E6 /* Pods-Carsharing Aggregator.debug.xcconfig */;
			buildSettings = {
				ASSETCATALOG_COMPILER_APPICON_NAME = AppIcon;
				ASSETCATALOG_COMPILER_GLOBAL_ACCENT_COLOR_NAME = AccentColor;
				CODE_SIGN_STYLE = Automatic;
				CURRENT_PROJECT_VERSION = 1;
				DEVELOPMENT_TEAM = KUYRA3PMPA;
				GENERATE_INFOPLIST_FILE = YES;
				INFOPLIST_FILE = "Carsharing Aggregator/Info.plist";
				INFOPLIST_KEY_CFBundleDisplayName = "FInd and GO";
				INFOPLIST_KEY_LSApplicationCategoryType = "public.app-category.navigation";
				INFOPLIST_KEY_NSLocationWhenInUseUsageDescription = "";
				INFOPLIST_KEY_NSMotionUsageDescription = "Приложению нужен доступ к данным вашей геолокации, что показать ближайшие автомобили для аренды.";
				INFOPLIST_KEY_UIApplicationSupportsIndirectInputEvents = YES;
				INFOPLIST_KEY_UILaunchStoryboardName = LaunchScreen;
				INFOPLIST_KEY_UISupportedInterfaceOrientations_iPad = "UIInterfaceOrientationPortrait UIInterfaceOrientationPortraitUpsideDown UIInterfaceOrientationLandscapeLeft UIInterfaceOrientationLandscapeRight";
				INFOPLIST_KEY_UISupportedInterfaceOrientations_iPhone = "UIInterfaceOrientationPortrait UIInterfaceOrientationLandscapeLeft UIInterfaceOrientationLandscapeRight";
				INFOPLIST_KEY_UIUserInterfaceStyle = Light;
				IPHONEOS_DEPLOYMENT_TARGET = 15.0;
				LD_RUNPATH_SEARCH_PATHS = (
					"$(inherited)",
					"@executable_path/Frameworks",
				);
				MARKETING_VERSION = 1.0;
				PRODUCT_BUNDLE_IDENTIFIER = "com.Lobanova-Vika.Carsharing-Aggregator";
				PRODUCT_NAME = "$(TARGET_NAME)";
				SUPPORTED_PLATFORMS = "iphoneos iphonesimulator";
				SUPPORTS_MACCATALYST = NO;
				SUPPORTS_MAC_DESIGNED_FOR_IPHONE_IPAD = NO;
				SWIFT_EMIT_LOC_STRINGS = YES;
				SWIFT_VERSION = 5.0;
				TARGETED_DEVICE_FAMILY = 1;
			};
			name = Debug;
		};
		E2B5D6572B048EF900801719 /* Release */ = {
			isa = XCBuildConfiguration;
			baseConfigurationReference = D79BB145181DD45B389A2114 /* Pods-Carsharing Aggregator.release.xcconfig */;
			buildSettings = {
				ASSETCATALOG_COMPILER_APPICON_NAME = AppIcon;
				ASSETCATALOG_COMPILER_GLOBAL_ACCENT_COLOR_NAME = AccentColor;
				CODE_SIGN_STYLE = Automatic;
				CURRENT_PROJECT_VERSION = 1;
				DEVELOPMENT_TEAM = KUYRA3PMPA;
				GENERATE_INFOPLIST_FILE = YES;
				INFOPLIST_FILE = "Carsharing Aggregator/Info.plist";
				INFOPLIST_KEY_CFBundleDisplayName = "FInd and GO";
				INFOPLIST_KEY_LSApplicationCategoryType = "public.app-category.navigation";
				INFOPLIST_KEY_NSLocationWhenInUseUsageDescription = "";
				INFOPLIST_KEY_NSMotionUsageDescription = "Приложению нужен доступ к данным вашей геолокации, что показать ближайшие автомобили для аренды.";
				INFOPLIST_KEY_UIApplicationSupportsIndirectInputEvents = YES;
				INFOPLIST_KEY_UILaunchStoryboardName = LaunchScreen;
				INFOPLIST_KEY_UISupportedInterfaceOrientations_iPad = "UIInterfaceOrientationPortrait UIInterfaceOrientationPortraitUpsideDown UIInterfaceOrientationLandscapeLeft UIInterfaceOrientationLandscapeRight";
				INFOPLIST_KEY_UISupportedInterfaceOrientations_iPhone = "UIInterfaceOrientationPortrait UIInterfaceOrientationLandscapeLeft UIInterfaceOrientationLandscapeRight";
				INFOPLIST_KEY_UIUserInterfaceStyle = Light;
				IPHONEOS_DEPLOYMENT_TARGET = 15.0;
				LD_RUNPATH_SEARCH_PATHS = (
					"$(inherited)",
					"@executable_path/Frameworks",
				);
				MARKETING_VERSION = 1.0;
				PRODUCT_BUNDLE_IDENTIFIER = "com.Lobanova-Vika.Carsharing-Aggregator";
				PRODUCT_NAME = "$(TARGET_NAME)";
				SUPPORTED_PLATFORMS = "iphoneos iphonesimulator";
				SUPPORTS_MACCATALYST = NO;
				SUPPORTS_MAC_DESIGNED_FOR_IPHONE_IPAD = NO;
				SWIFT_EMIT_LOC_STRINGS = YES;
				SWIFT_VERSION = 5.0;
				TARGETED_DEVICE_FAMILY = 1;
			};
			name = Release;
		};
/* End XCBuildConfiguration section */

/* Begin XCConfigurationList section */
		E2B5D63C2B048EF800801719 /* Build configuration list for PBXProject "Carsharing Aggregator" */ = {
			isa = XCConfigurationList;
			buildConfigurations = (
				E2B5D6532B048EF900801719 /* Debug */,
				E2B5D6542B048EF900801719 /* Release */,
			);
			defaultConfigurationIsVisible = 0;
			defaultConfigurationName = Release;
		};
		E2B5D6552B048EF900801719 /* Build configuration list for PBXNativeTarget "Carsharing Aggregator" */ = {
			isa = XCConfigurationList;
			buildConfigurations = (
				E2B5D6562B048EF900801719 /* Debug */,
				E2B5D6572B048EF900801719 /* Release */,
			);
			defaultConfigurationIsVisible = 0;
			defaultConfigurationName = Release;
		};
/* End XCConfigurationList section */

/* Begin XCRemoteSwiftPackageReference section */
		370ADEB32B199F7F0090300E /* XCRemoteSwiftPackageReference "SnapKit" */ = {
			isa = XCRemoteSwiftPackageReference;
			repositoryURL = "https://github.com/SnapKit/SnapKit";
			requirement = {
				branch = develop;
				kind = branch;
			};
		};
		370ADEB62B199F870090300E /* XCRemoteSwiftPackageReference "SwiftKeychainWrapper" */ = {
			isa = XCRemoteSwiftPackageReference;
			repositoryURL = "https://github.com/jrendel/SwiftKeychainWrapper";
			requirement = {
				branch = develop;
				kind = branch;
			};
		};
		370ADEB92B199F900090300E /* XCRemoteSwiftPackageReference "Kingfisher" */ = {
			isa = XCRemoteSwiftPackageReference;
			repositoryURL = "https://github.com/onevcat/Kingfisher";
			requirement = {
				branch = master;
				kind = branch;
			};
		};
		378E05892B4AE857002B0F0C /* XCRemoteSwiftPackageReference "ProgressHUD" */ = {
			isa = XCRemoteSwiftPackageReference;
			repositoryURL = "https://github.com/relatedcode/ProgressHUD";
			requirement = {
				kind = upToNextMajorVersion;
				minimumVersion = 14.1.0;
			};
		};
		E2B5D66B2B04E87800801719 /* XCRemoteSwiftPackageReference "SwiftLint" */ = {
			isa = XCRemoteSwiftPackageReference;
			repositoryURL = "https://github.com/realm/SwiftLint";
			requirement = {
				kind = upToNextMajorVersion;
				minimumVersion = 0.54.0;
			};
		};
/* End XCRemoteSwiftPackageReference section */

/* Begin XCSwiftPackageProductDependency section */
		370ADEB42B199F7F0090300E /* SnapKit */ = {
			isa = XCSwiftPackageProductDependency;
			package = 370ADEB32B199F7F0090300E /* XCRemoteSwiftPackageReference "SnapKit" */;
			productName = SnapKit;
		};
		370ADEB72B199F870090300E /* SwiftKeychainWrapper */ = {
			isa = XCSwiftPackageProductDependency;
			package = 370ADEB62B199F870090300E /* XCRemoteSwiftPackageReference "SwiftKeychainWrapper" */;
			productName = SwiftKeychainWrapper;
		};
		370ADEBA2B199F900090300E /* Kingfisher */ = {
			isa = XCSwiftPackageProductDependency;
			package = 370ADEB92B199F900090300E /* XCRemoteSwiftPackageReference "Kingfisher" */;
			productName = Kingfisher;
		};
		378E058A2B4AE857002B0F0C /* ProgressHUD */ = {
			isa = XCSwiftPackageProductDependency;
			package = 378E05892B4AE857002B0F0C /* XCRemoteSwiftPackageReference "ProgressHUD" */;
			productName = ProgressHUD;
		};
		E2B5D6702B04E89C00801719 /* SwiftLintPlugin */ = {
			isa = XCSwiftPackageProductDependency;
			package = E2B5D66B2B04E87800801719 /* XCRemoteSwiftPackageReference "SwiftLint" */;
			productName = "plugin:SwiftLintPlugin";
		};
/* End XCSwiftPackageProductDependency section */
	};
	rootObject = E2B5D6392B048EF800801719 /* Project object */;
}
